// !$*UTF8*$!
{
	archiveVersion = 1;
	classes = {
	};
	objectVersion = 46;
	objects = {

/* Begin PBXBuildFile section */
		5470B5191985122200E4D941 /* MTLManagedObjectAdapter.m in Sources */ = {isa = PBXBuildFile; fileRef = 5470B5181985122200E4D941 /* MTLManagedObjectAdapter.m */; };
		5470B5201985122200E4D941 /* XCTest.framework in Frameworks */ = {isa = PBXBuildFile; fileRef = 5470B51F1985122200E4D941 /* XCTest.framework */; };
		5470B5241985122200E4D941 /* MTLManagedObjectAdapter.framework in Frameworks */ = {isa = PBXBuildFile; fileRef = 5470B5071985122200E4D941 /* MTLManagedObjectAdapter.framework */; };
		5470B52C1985122300E4D941 /* MTLManagedObjectAdapterSpec.m in Sources */ = {isa = PBXBuildFile; fileRef = 5470B52B1985122300E4D941 /* MTLManagedObjectAdapterSpec.m */; };
		5470B53B1985123E00E4D941 /* Foundation.framework in Frameworks */ = {isa = PBXBuildFile; fileRef = 5470B53A1985123E00E4D941 /* Foundation.framework */; };
		5470B5481985123E00E4D941 /* XCTest.framework in Frameworks */ = {isa = PBXBuildFile; fileRef = 5470B51F1985122200E4D941 /* XCTest.framework */; };
		5470B5491985123E00E4D941 /* Foundation.framework in Frameworks */ = {isa = PBXBuildFile; fileRef = 5470B53A1985123E00E4D941 /* Foundation.framework */; };
		5470B54E1985123E00E4D941 /* libMTLManagedObjectAdapter-iOS.a in Frameworks */ = {isa = PBXBuildFile; fileRef = 5470B5391985123E00E4D941 /* libMTLManagedObjectAdapter-iOS.a */; };
		5470B5621985124800E4D941 /* Foundation.framework in Frameworks */ = {isa = PBXBuildFile; fileRef = 5470B53A1985123E00E4D941 /* Foundation.framework */; };
		5470B583198512AE00E4D941 /* MTLManagedObjectAdapter.h in Headers */ = {isa = PBXBuildFile; fileRef = 5470B5171985122200E4D941 /* MTLManagedObjectAdapter.h */; settings = {ATTRIBUTES = (Public, ); }; };
		5470B584198512B500E4D941 /* MTLManagedObjectAdapter.m in Sources */ = {isa = PBXBuildFile; fileRef = 5470B5181985122200E4D941 /* MTLManagedObjectAdapter.m */; };
		5470B585198512B500E4D941 /* MTLManagedObjectAdapter.m in Sources */ = {isa = PBXBuildFile; fileRef = 5470B5181985122200E4D941 /* MTLManagedObjectAdapter.m */; };
		5470B5C619851F3900E4D941 /* EXTKeyPathCoding.h in Headers */ = {isa = PBXBuildFile; fileRef = 5470B5C019851F3900E4D941 /* EXTKeyPathCoding.h */; };
		5470B5C719851F3900E4D941 /* EXTRuntimeExtensions.h in Headers */ = {isa = PBXBuildFile; fileRef = 5470B5C119851F3900E4D941 /* EXTRuntimeExtensions.h */; };
		5470B5C819851F3900E4D941 /* EXTRuntimeExtensions.m in Sources */ = {isa = PBXBuildFile; fileRef = 5470B5C219851F3900E4D941 /* EXTRuntimeExtensions.m */; };
		5470B5C919851F3900E4D941 /* EXTRuntimeExtensions.m in Sources */ = {isa = PBXBuildFile; fileRef = 5470B5C219851F3900E4D941 /* EXTRuntimeExtensions.m */; };
		5470B5CA19851F3900E4D941 /* EXTRuntimeExtensions.m in Sources */ = {isa = PBXBuildFile; fileRef = 5470B5C219851F3900E4D941 /* EXTRuntimeExtensions.m */; };
		5470B5CB19851F3900E4D941 /* EXTScope.h in Headers */ = {isa = PBXBuildFile; fileRef = 5470B5C319851F3900E4D941 /* EXTScope.h */; };
		5470B5CC19851F3900E4D941 /* EXTScope.m in Sources */ = {isa = PBXBuildFile; fileRef = 5470B5C419851F3900E4D941 /* EXTScope.m */; };
		5470B5CD19851F3900E4D941 /* EXTScope.m in Sources */ = {isa = PBXBuildFile; fileRef = 5470B5C419851F3900E4D941 /* EXTScope.m */; };
		5470B5CE19851F3900E4D941 /* EXTScope.m in Sources */ = {isa = PBXBuildFile; fileRef = 5470B5C419851F3900E4D941 /* EXTScope.m */; };
		5470B5CF19851F3900E4D941 /* metamacros.h in Headers */ = {isa = PBXBuildFile; fileRef = 5470B5C519851F3900E4D941 /* metamacros.h */; };
		5470B5D51985208C00E4D941 /* MTLCoreDataObjects.m in Sources */ = {isa = PBXBuildFile; fileRef = 5470B5D21985208C00E4D941 /* MTLCoreDataObjects.m */; };
		5470B5D61985208C00E4D941 /* MTLCoreDataObjects.m in Sources */ = {isa = PBXBuildFile; fileRef = 5470B5D21985208C00E4D941 /* MTLCoreDataObjects.m */; };
		5470B5D71985208C00E4D941 /* MTLCoreDataTestModels.m in Sources */ = {isa = PBXBuildFile; fileRef = 5470B5D41985208C00E4D941 /* MTLCoreDataTestModels.m */; };
		5470B5D81985208C00E4D941 /* MTLCoreDataTestModels.m in Sources */ = {isa = PBXBuildFile; fileRef = 5470B5D41985208C00E4D941 /* MTLCoreDataTestModels.m */; };
		5470B5DB1985209E00E4D941 /* TestModel.xcdatamodeld in Sources */ = {isa = PBXBuildFile; fileRef = 5470B5D91985209E00E4D941 /* TestModel.xcdatamodeld */; };
		5470B5DC1985209E00E4D941 /* TestModel.xcdatamodeld in Sources */ = {isa = PBXBuildFile; fileRef = 5470B5D91985209E00E4D941 /* TestModel.xcdatamodeld */; };
		5470B5DE198520C500E4D941 /* CoreData.framework in Frameworks */ = {isa = PBXBuildFile; fileRef = 5470B5DD198520C500E4D941 /* CoreData.framework */; };
		5470B5DF198520CB00E4D941 /* CoreData.framework in Frameworks */ = {isa = PBXBuildFile; fileRef = 5470B50E1985122200E4D941 /* CoreData.framework */; };
		54B8B024198531190035AF84 /* MTLManagedObjectAdapterSpec.m in Sources */ = {isa = PBXBuildFile; fileRef = 5470B52B1985122300E4D941 /* MTLManagedObjectAdapterSpec.m */; };
/* End PBXBuildFile section */

/* Begin PBXContainerItemProxy section */
		5470B5221985122200E4D941 /* PBXContainerItemProxy */ = {
			isa = PBXContainerItemProxy;
			containerPortal = 5470B4FE1985122200E4D941 /* Project object */;
			proxyType = 1;
			remoteGlobalIDString = 5470B5061985122200E4D941;
			remoteInfo = MTLManagedObjectAdapter;
		};
		5470B54C1985123E00E4D941 /* PBXContainerItemProxy */ = {
			isa = PBXContainerItemProxy;
			containerPortal = 5470B4FE1985122200E4D941 /* Project object */;
			proxyType = 1;
			remoteGlobalIDString = 5470B5381985123E00E4D941;
			remoteInfo = "MTLManagedObjectAdapter-iOS";
		};
/* End PBXContainerItemProxy section */

/* Begin PBXCopyFilesBuildPhase section */
		5470B5371985123E00E4D941 /* CopyFiles */ = {
			isa = PBXCopyFilesBuildPhase;
			buildActionMask = 2147483647;
			dstPath = "include/$(PRODUCT_NAME)";
			dstSubfolderSpec = 16;
			files = (
			);
			runOnlyForDeploymentPostprocessing = 0;
		};
		5470B55F1985124800E4D941 /* CopyFiles */ = {
			isa = PBXCopyFilesBuildPhase;
			buildActionMask = 2147483647;
			dstPath = "include/$(PRODUCT_NAME)";
			dstSubfolderSpec = 16;
			files = (
			);
			runOnlyForDeploymentPostprocessing = 0;
		};
/* End PBXCopyFilesBuildPhase section */

/* Begin PBXFileReference section */
		5470B5071985122200E4D941 /* MTLManagedObjectAdapter.framework */ = {isa = PBXFileReference; explicitFileType = wrapper.framework; includeInIndex = 0; path = MTLManagedObjectAdapter.framework; sourceTree = BUILT_PRODUCTS_DIR; };
		5470B50D1985122200E4D941 /* Foundation.framework */ = {isa = PBXFileReference; lastKnownFileType = wrapper.framework; name = Foundation.framework; path = System/Library/Frameworks/Foundation.framework; sourceTree = SDKROOT; };
		5470B50E1985122200E4D941 /* CoreData.framework */ = {isa = PBXFileReference; lastKnownFileType = wrapper.framework; name = CoreData.framework; path = System/Library/Frameworks/CoreData.framework; sourceTree = SDKROOT; };
		5470B50F1985122200E4D941 /* AppKit.framework */ = {isa = PBXFileReference; lastKnownFileType = wrapper.framework; name = AppKit.framework; path = System/Library/Frameworks/AppKit.framework; sourceTree = SDKROOT; };
		5470B5121985122200E4D941 /* MTLManagedObjectAdapter-Info.plist */ = {isa = PBXFileReference; lastKnownFileType = text.plist.xml; path = "MTLManagedObjectAdapter-Info.plist"; sourceTree = "<group>"; };
		5470B5161985122200E4D941 /* MTLManagedObjectAdapter-Prefix.pch */ = {isa = PBXFileReference; lastKnownFileType = sourcecode.c.h; path = "MTLManagedObjectAdapter-Prefix.pch"; sourceTree = "<group>"; };
		5470B5171985122200E4D941 /* MTLManagedObjectAdapter.h */ = {isa = PBXFileReference; lastKnownFileType = sourcecode.c.h; path = MTLManagedObjectAdapter.h; sourceTree = "<group>"; };
		5470B5181985122200E4D941 /* MTLManagedObjectAdapter.m */ = {isa = PBXFileReference; lastKnownFileType = sourcecode.c.objc; path = MTLManagedObjectAdapter.m; sourceTree = "<group>"; };
		5470B51E1985122200E4D941 /* MTLManagedObjectAdapterTests.xctest */ = {isa = PBXFileReference; explicitFileType = wrapper.cfbundle; includeInIndex = 0; path = MTLManagedObjectAdapterTests.xctest; sourceTree = BUILT_PRODUCTS_DIR; };
		5470B51F1985122200E4D941 /* XCTest.framework */ = {isa = PBXFileReference; lastKnownFileType = wrapper.framework; name = XCTest.framework; path = Library/Frameworks/XCTest.framework; sourceTree = DEVELOPER_DIR; };
		5470B5271985122200E4D941 /* MTLManagedObjectAdapterTests-Info.plist */ = {isa = PBXFileReference; lastKnownFileType = text.plist.xml; path = "MTLManagedObjectAdapterTests-Info.plist"; sourceTree = "<group>"; };
		5470B52B1985122300E4D941 /* MTLManagedObjectAdapterSpec.m */ = {isa = PBXFileReference; lastKnownFileType = sourcecode.c.objc; path = MTLManagedObjectAdapterSpec.m; sourceTree = "<group>"; };
		5470B5391985123E00E4D941 /* libMTLManagedObjectAdapter-iOS.a */ = {isa = PBXFileReference; explicitFileType = archive.ar; includeInIndex = 0; path = "libMTLManagedObjectAdapter-iOS.a"; sourceTree = BUILT_PRODUCTS_DIR; };
		5470B53A1985123E00E4D941 /* Foundation.framework */ = {isa = PBXFileReference; lastKnownFileType = wrapper.framework; name = Foundation.framework; path = System/Library/Frameworks/Foundation.framework; sourceTree = SDKROOT; };
		5470B5471985123E00E4D941 /* MTLManagedObjectAdapter-iOSTests.xctest */ = {isa = PBXFileReference; explicitFileType = wrapper.cfbundle; includeInIndex = 0; path = "MTLManagedObjectAdapter-iOSTests.xctest"; sourceTree = BUILT_PRODUCTS_DIR; };
		5470B5611985124800E4D941 /* libMTLManagedObjectAdapter-Mac.a */ = {isa = PBXFileReference; explicitFileType = archive.ar; includeInIndex = 0; path = "libMTLManagedObjectAdapter-Mac.a"; sourceTree = BUILT_PRODUCTS_DIR; };
		5470B588198514F700E4D941 /* Common.xcconfig */ = {isa = PBXFileReference; lastKnownFileType = text.xcconfig; path = Common.xcconfig; sourceTree = "<group>"; };
		5470B58A198514F700E4D941 /* Debug.xcconfig */ = {isa = PBXFileReference; lastKnownFileType = text.xcconfig; path = Debug.xcconfig; sourceTree = "<group>"; };
		5470B58B198514F700E4D941 /* Profile.xcconfig */ = {isa = PBXFileReference; lastKnownFileType = text.xcconfig; path = Profile.xcconfig; sourceTree = "<group>"; };
		5470B58C198514F700E4D941 /* Release.xcconfig */ = {isa = PBXFileReference; lastKnownFileType = text.xcconfig; path = Release.xcconfig; sourceTree = "<group>"; };
		5470B58D198514F700E4D941 /* Test.xcconfig */ = {isa = PBXFileReference; lastKnownFileType = text.xcconfig; path = Test.xcconfig; sourceTree = "<group>"; };
		5470B58F198514F700E4D941 /* Application.xcconfig */ = {isa = PBXFileReference; lastKnownFileType = text.xcconfig; path = Application.xcconfig; sourceTree = "<group>"; };
		5470B590198514F700E4D941 /* StaticLibrary.xcconfig */ = {isa = PBXFileReference; lastKnownFileType = text.xcconfig; path = StaticLibrary.xcconfig; sourceTree = "<group>"; };
		5470B592198514F700E4D941 /* iOS-Application.xcconfig */ = {isa = PBXFileReference; lastKnownFileType = text.xcconfig; path = "iOS-Application.xcconfig"; sourceTree = "<group>"; };
		5470B593198514F700E4D941 /* iOS-Base.xcconfig */ = {isa = PBXFileReference; lastKnownFileType = text.xcconfig; path = "iOS-Base.xcconfig"; sourceTree = "<group>"; };
		5470B594198514F700E4D941 /* iOS-StaticLibrary.xcconfig */ = {isa = PBXFileReference; lastKnownFileType = text.xcconfig; path = "iOS-StaticLibrary.xcconfig"; sourceTree = "<group>"; };
		5470B596198514F700E4D941 /* Mac-Application.xcconfig */ = {isa = PBXFileReference; lastKnownFileType = text.xcconfig; path = "Mac-Application.xcconfig"; sourceTree = "<group>"; };
		5470B597198514F700E4D941 /* Mac-Base.xcconfig */ = {isa = PBXFileReference; lastKnownFileType = text.xcconfig; path = "Mac-Base.xcconfig"; sourceTree = "<group>"; };
		5470B598198514F700E4D941 /* Mac-DynamicLibrary.xcconfig */ = {isa = PBXFileReference; lastKnownFileType = text.xcconfig; path = "Mac-DynamicLibrary.xcconfig"; sourceTree = "<group>"; };
		5470B599198514F700E4D941 /* Mac-Framework.xcconfig */ = {isa = PBXFileReference; lastKnownFileType = text.xcconfig; path = "Mac-Framework.xcconfig"; sourceTree = "<group>"; };
		5470B59A198514F700E4D941 /* Mac-StaticLibrary.xcconfig */ = {isa = PBXFileReference; lastKnownFileType = text.xcconfig; path = "Mac-StaticLibrary.xcconfig"; sourceTree = "<group>"; };
		5470B59B198514F700E4D941 /* README.md */ = {isa = PBXFileReference; lastKnownFileType = text; path = README.md; sourceTree = "<group>"; };
		5470B5A81985161600E4D941 /* MTLManagedObjectAdapterTests-Prefix.pch */ = {isa = PBXFileReference; fileEncoding = 4; lastKnownFileType = sourcecode.c.h; path = "MTLManagedObjectAdapterTests-Prefix.pch"; sourceTree = "<group>"; };
		5470B5C019851F3900E4D941 /* EXTKeyPathCoding.h */ = {isa = PBXFileReference; fileEncoding = 4; lastKnownFileType = sourcecode.c.h; path = EXTKeyPathCoding.h; sourceTree = "<group>"; };
		5470B5C119851F3900E4D941 /* EXTRuntimeExtensions.h */ = {isa = PBXFileReference; fileEncoding = 4; lastKnownFileType = sourcecode.c.h; path = EXTRuntimeExtensions.h; sourceTree = "<group>"; };
		5470B5C219851F3900E4D941 /* EXTRuntimeExtensions.m */ = {isa = PBXFileReference; fileEncoding = 4; lastKnownFileType = sourcecode.c.objc; path = EXTRuntimeExtensions.m; sourceTree = "<group>"; };
		5470B5C319851F3900E4D941 /* EXTScope.h */ = {isa = PBXFileReference; fileEncoding = 4; lastKnownFileType = sourcecode.c.h; path = EXTScope.h; sourceTree = "<group>"; };
		5470B5C419851F3900E4D941 /* EXTScope.m */ = {isa = PBXFileReference; fileEncoding = 4; lastKnownFileType = sourcecode.c.objc; path = EXTScope.m; sourceTree = "<group>"; };
		5470B5C519851F3900E4D941 /* metamacros.h */ = {isa = PBXFileReference; fileEncoding = 4; lastKnownFileType = sourcecode.c.h; path = metamacros.h; sourceTree = "<group>"; };
		5470B5D11985208C00E4D941 /* MTLCoreDataObjects.h */ = {isa = PBXFileReference; fileEncoding = 4; lastKnownFileType = sourcecode.c.h; path = MTLCoreDataObjects.h; sourceTree = "<group>"; };
		5470B5D21985208C00E4D941 /* MTLCoreDataObjects.m */ = {isa = PBXFileReference; fileEncoding = 4; lastKnownFileType = sourcecode.c.objc; path = MTLCoreDataObjects.m; sourceTree = "<group>"; };
		5470B5D31985208C00E4D941 /* MTLCoreDataTestModels.h */ = {isa = PBXFileReference; fileEncoding = 4; lastKnownFileType = sourcecode.c.h; path = MTLCoreDataTestModels.h; sourceTree = "<group>"; };
		5470B5D41985208C00E4D941 /* MTLCoreDataTestModels.m */ = {isa = PBXFileReference; fileEncoding = 4; lastKnownFileType = sourcecode.c.objc; path = MTLCoreDataTestModels.m; sourceTree = "<group>"; };
		5470B5DA1985209E00E4D941 /* TestModel.xcdatamodel */ = {isa = PBXFileReference; lastKnownFileType = wrapper.xcdatamodel; path = TestModel.xcdatamodel; sourceTree = "<group>"; };
		5470B5DD198520C500E4D941 /* CoreData.framework */ = {isa = PBXFileReference; lastKnownFileType = wrapper.framework; name = CoreData.framework; path = Platforms/iPhoneOS.platform/Developer/SDKs/iPhoneOS7.1.sdk/System/Library/Frameworks/CoreData.framework; sourceTree = DEVELOPER_DIR; };
/* End PBXFileReference section */

/* Begin PBXFrameworksBuildPhase section */
		5470B5031985122200E4D941 /* Frameworks */ = {
			isa = PBXFrameworksBuildPhase;
			buildActionMask = 2147483647;
			files = (
			);
			runOnlyForDeploymentPostprocessing = 0;
		};
		5470B51B1985122200E4D941 /* Frameworks */ = {
			isa = PBXFrameworksBuildPhase;
			buildActionMask = 2147483647;
			files = (
				5470B5DF198520CB00E4D941 /* CoreData.framework in Frameworks */,
				5470B5201985122200E4D941 /* XCTest.framework in Frameworks */,
				5470B5241985122200E4D941 /* MTLManagedObjectAdapter.framework in Frameworks */,
			);
			runOnlyForDeploymentPostprocessing = 0;
		};
		5470B5361985123E00E4D941 /* Frameworks */ = {
			isa = PBXFrameworksBuildPhase;
			buildActionMask = 2147483647;
			files = (
				5470B53B1985123E00E4D941 /* Foundation.framework in Frameworks */,
			);
			runOnlyForDeploymentPostprocessing = 0;
		};
		5470B5441985123E00E4D941 /* Frameworks */ = {
			isa = PBXFrameworksBuildPhase;
			buildActionMask = 2147483647;
			files = (
				5470B5DE198520C500E4D941 /* CoreData.framework in Frameworks */,
				5470B5491985123E00E4D941 /* Foundation.framework in Frameworks */,
				5470B5481985123E00E4D941 /* XCTest.framework in Frameworks */,
				5470B54E1985123E00E4D941 /* libMTLManagedObjectAdapter-iOS.a in Frameworks */,
			);
			runOnlyForDeploymentPostprocessing = 0;
		};
		5470B55E1985124800E4D941 /* Frameworks */ = {
			isa = PBXFrameworksBuildPhase;
			buildActionMask = 2147483647;
			files = (
				5470B5621985124800E4D941 /* Foundation.framework in Frameworks */,
			);
			runOnlyForDeploymentPostprocessing = 0;
		};
/* End PBXFrameworksBuildPhase section */

/* Begin PBXGroup section */
		5470B4FD1985122200E4D941 = {
			isa = PBXGroup;
			children = (
				5470B5101985122200E4D941 /* MTLManagedObjectAdapter */,
				5470B5251985122200E4D941 /* MTLManagedObjectAdapterTests */,
				5470B5091985122200E4D941 /* Frameworks */,
				5470B586198514F700E4D941 /* Configuration */,
				5470B5081985122200E4D941 /* Products */,
			);
			sourceTree = "<group>";
			usesTabs = 1;
		};
		5470B5081985122200E4D941 /* Products */ = {
			isa = PBXGroup;
			children = (
				5470B5071985122200E4D941 /* MTLManagedObjectAdapter.framework */,
				5470B51E1985122200E4D941 /* MTLManagedObjectAdapterTests.xctest */,
				5470B5391985123E00E4D941 /* libMTLManagedObjectAdapter-iOS.a */,
				5470B5471985123E00E4D941 /* MTLManagedObjectAdapter-iOSTests.xctest */,
				5470B5611985124800E4D941 /* libMTLManagedObjectAdapter-Mac.a */,
			);
			name = Products;
			sourceTree = "<group>";
		};
		5470B5091985122200E4D941 /* Frameworks */ = {
			isa = PBXGroup;
			children = (
				5470B5BF19851F3900E4D941 /* libextobjc */,
				5470B5DD198520C500E4D941 /* CoreData.framework */,
				5470B53A1985123E00E4D941 /* Foundation.framework */,
				5470B51F1985122200E4D941 /* XCTest.framework */,
				5470B50C1985122200E4D941 /* Other Frameworks */,
			);
			name = Frameworks;
			sourceTree = "<group>";
		};
		5470B50C1985122200E4D941 /* Other Frameworks */ = {
			isa = PBXGroup;
			children = (
				5470B50D1985122200E4D941 /* Foundation.framework */,
				5470B50E1985122200E4D941 /* CoreData.framework */,
				5470B50F1985122200E4D941 /* AppKit.framework */,
			);
			name = "Other Frameworks";
			sourceTree = "<group>";
		};
		5470B5101985122200E4D941 /* MTLManagedObjectAdapter */ = {
			isa = PBXGroup;
			children = (
				5470B5171985122200E4D941 /* MTLManagedObjectAdapter.h */,
				5470B5181985122200E4D941 /* MTLManagedObjectAdapter.m */,
				5470B5111985122200E4D941 /* Supporting Files */,
			);
			path = MTLManagedObjectAdapter;
			sourceTree = "<group>";
		};
		5470B5111985122200E4D941 /* Supporting Files */ = {
			isa = PBXGroup;
			children = (
				5470B5121985122200E4D941 /* MTLManagedObjectAdapter-Info.plist */,
				5470B5161985122200E4D941 /* MTLManagedObjectAdapter-Prefix.pch */,
			);
			name = "Supporting Files";
			sourceTree = "<group>";
		};
		5470B5251985122200E4D941 /* MTLManagedObjectAdapterTests */ = {
			isa = PBXGroup;
			children = (
				5470B5D01985202F00E4D941 /* Specs */,
				5470B5261985122200E4D941 /* Supporting Files */,
			);
			path = MTLManagedObjectAdapterTests;
			sourceTree = "<group>";
		};
		5470B5261985122200E4D941 /* Supporting Files */ = {
			isa = PBXGroup;
			children = (
				5470B5D11985208C00E4D941 /* MTLCoreDataObjects.h */,
				5470B5D21985208C00E4D941 /* MTLCoreDataObjects.m */,
				5470B5D31985208C00E4D941 /* MTLCoreDataTestModels.h */,
				5470B5D41985208C00E4D941 /* MTLCoreDataTestModels.m */,
				5470B5D91985209E00E4D941 /* TestModel.xcdatamodeld */,
				5470B5A81985161600E4D941 /* MTLManagedObjectAdapterTests-Prefix.pch */,
				5470B5271985122200E4D941 /* MTLManagedObjectAdapterTests-Info.plist */,
			);
			name = "Supporting Files";
			sourceTree = "<group>";
		};
		5470B586198514F700E4D941 /* Configuration */ = {
			isa = PBXGroup;
			children = (
				5470B587198514F700E4D941 /* Base */,
				5470B591198514F700E4D941 /* iOS */,
				5470B595198514F700E4D941 /* Mac OS X */,
				5470B59B198514F700E4D941 /* README.md */,
			);
			name = Configuration;
			path = Carthage/Checkouts/xcconfigs;
			sourceTree = "<group>";
		};
		5470B587198514F700E4D941 /* Base */ = {
			isa = PBXGroup;
			children = (
				5470B588198514F700E4D941 /* Common.xcconfig */,
				5470B589198514F700E4D941 /* Configurations */,
				5470B58E198514F700E4D941 /* Targets */,
			);
			path = Base;
			sourceTree = "<group>";
		};
		5470B589198514F700E4D941 /* Configurations */ = {
			isa = PBXGroup;
			children = (
				5470B58A198514F700E4D941 /* Debug.xcconfig */,
				5470B58B198514F700E4D941 /* Profile.xcconfig */,
				5470B58C198514F700E4D941 /* Release.xcconfig */,
				5470B58D198514F700E4D941 /* Test.xcconfig */,
			);
			path = Configurations;
			sourceTree = "<group>";
		};
		5470B58E198514F700E4D941 /* Targets */ = {
			isa = PBXGroup;
			children = (
				5470B58F198514F700E4D941 /* Application.xcconfig */,
				5470B590198514F700E4D941 /* StaticLibrary.xcconfig */,
			);
			path = Targets;
			sourceTree = "<group>";
		};
		5470B591198514F700E4D941 /* iOS */ = {
			isa = PBXGroup;
			children = (
				5470B592198514F700E4D941 /* iOS-Application.xcconfig */,
				5470B593198514F700E4D941 /* iOS-Base.xcconfig */,
				5470B594198514F700E4D941 /* iOS-StaticLibrary.xcconfig */,
			);
			path = iOS;
			sourceTree = "<group>";
		};
		5470B595198514F700E4D941 /* Mac OS X */ = {
			isa = PBXGroup;
			children = (
				5470B596198514F700E4D941 /* Mac-Application.xcconfig */,
				5470B597198514F700E4D941 /* Mac-Base.xcconfig */,
				5470B598198514F700E4D941 /* Mac-DynamicLibrary.xcconfig */,
				5470B599198514F700E4D941 /* Mac-Framework.xcconfig */,
				5470B59A198514F700E4D941 /* Mac-StaticLibrary.xcconfig */,
			);
			path = "Mac OS X";
			sourceTree = "<group>";
		};
		5470B5BF19851F3900E4D941 /* libextobjc */ = {
			isa = PBXGroup;
			children = (
				5470B5C019851F3900E4D941 /* EXTKeyPathCoding.h */,
				5470B5C119851F3900E4D941 /* EXTRuntimeExtensions.h */,
				5470B5C219851F3900E4D941 /* EXTRuntimeExtensions.m */,
				5470B5C319851F3900E4D941 /* EXTScope.h */,
				5470B5C419851F3900E4D941 /* EXTScope.m */,
				5470B5C519851F3900E4D941 /* metamacros.h */,
			);
			name = libextobjc;
			path = MTLManagedObjectAdapter/extobjc;
			sourceTree = "<group>";
		};
		5470B5D01985202F00E4D941 /* Specs */ = {
			isa = PBXGroup;
			children = (
				5470B52B1985122300E4D941 /* MTLManagedObjectAdapterSpec.m */,
			);
			name = Specs;
			sourceTree = "<group>";
		};
/* End PBXGroup section */

/* Begin PBXHeadersBuildPhase section */
		5470B5041985122200E4D941 /* Headers */ = {
			isa = PBXHeadersBuildPhase;
			buildActionMask = 2147483647;
			files = (
				5470B5C719851F3900E4D941 /* EXTRuntimeExtensions.h in Headers */,
				5470B583198512AE00E4D941 /* MTLManagedObjectAdapter.h in Headers */,
				5470B5C619851F3900E4D941 /* EXTKeyPathCoding.h in Headers */,
				5470B5CF19851F3900E4D941 /* metamacros.h in Headers */,
				5470B5CB19851F3900E4D941 /* EXTScope.h in Headers */,
			);
			runOnlyForDeploymentPostprocessing = 0;
		};
/* End PBXHeadersBuildPhase section */

/* Begin PBXNativeTarget section */
		5470B5061985122200E4D941 /* MTLManagedObjectAdapter */ = {
			isa = PBXNativeTarget;
			buildConfigurationList = 5470B52F1985122300E4D941 /* Build configuration list for PBXNativeTarget "MTLManagedObjectAdapter" */;
			buildPhases = (
				5470B5021985122200E4D941 /* Sources */,
				5470B5031985122200E4D941 /* Frameworks */,
				5470B5041985122200E4D941 /* Headers */,
				5470B5051985122200E4D941 /* Resources */,
			);
			buildRules = (
			);
			dependencies = (
			);
			name = MTLManagedObjectAdapter;
			productName = MTLManagedObjectAdapter;
			productReference = 5470B5071985122200E4D941 /* MTLManagedObjectAdapter.framework */;
			productType = "com.apple.product-type.framework";
		};
		5470B51D1985122200E4D941 /* MTLManagedObjectAdapterTests */ = {
			isa = PBXNativeTarget;
			buildConfigurationList = 5470B5321985122300E4D941 /* Build configuration list for PBXNativeTarget "MTLManagedObjectAdapterTests" */;
			buildPhases = (
				5470B51A1985122200E4D941 /* Sources */,
				5470B51B1985122200E4D941 /* Frameworks */,
				5470B51C1985122200E4D941 /* Resources */,
			);
			buildRules = (
			);
			dependencies = (
				5470B5231985122200E4D941 /* PBXTargetDependency */,
			);
			name = MTLManagedObjectAdapterTests;
			productName = MTLManagedObjectAdapterTests;
			productReference = 5470B51E1985122200E4D941 /* MTLManagedObjectAdapterTests.xctest */;
			productType = "com.apple.product-type.bundle.unit-test";
		};
		5470B5381985123E00E4D941 /* MTLManagedObjectAdapter-iOS */ = {
			isa = PBXNativeTarget;
			buildConfigurationList = 5470B5571985123F00E4D941 /* Build configuration list for PBXNativeTarget "MTLManagedObjectAdapter-iOS" */;
			buildPhases = (
				5470B5351985123E00E4D941 /* Sources */,
				5470B5361985123E00E4D941 /* Frameworks */,
				5470B5371985123E00E4D941 /* CopyFiles */,
			);
			buildRules = (
			);
			dependencies = (
			);
			name = "MTLManagedObjectAdapter-iOS";
			productName = "MTLManagedObjectAdapter-iOS";
			productReference = 5470B5391985123E00E4D941 /* libMTLManagedObjectAdapter-iOS.a */;
			productType = "com.apple.product-type.library.static";
		};
		5470B5461985123E00E4D941 /* MTLManagedObjectAdapter-iOSTests */ = {
			isa = PBXNativeTarget;
			buildConfigurationList = 5470B55A1985123F00E4D941 /* Build configuration list for PBXNativeTarget "MTLManagedObjectAdapter-iOSTests" */;
			buildPhases = (
				5470B5431985123E00E4D941 /* Sources */,
				5470B5441985123E00E4D941 /* Frameworks */,
				5470B5451985123E00E4D941 /* Resources */,
			);
			buildRules = (
			);
			dependencies = (
				5470B54D1985123E00E4D941 /* PBXTargetDependency */,
			);
			name = "MTLManagedObjectAdapter-iOSTests";
			productName = "MTLManagedObjectAdapter-iOSTests";
			productReference = 5470B5471985123E00E4D941 /* MTLManagedObjectAdapter-iOSTests.xctest */;
			productType = "com.apple.product-type.bundle.unit-test";
		};
		5470B5601985124800E4D941 /* MTLManagedObjectAdapter-Mac */ = {
			isa = PBXNativeTarget;
			buildConfigurationList = 5470B57D1985124800E4D941 /* Build configuration list for PBXNativeTarget "MTLManagedObjectAdapter-Mac" */;
			buildPhases = (
				5470B55D1985124800E4D941 /* Sources */,
				5470B55E1985124800E4D941 /* Frameworks */,
				5470B55F1985124800E4D941 /* CopyFiles */,
			);
			buildRules = (
			);
			dependencies = (
			);
			name = "MTLManagedObjectAdapter-Mac";
			productName = "MTLManagedObjectAdapter-Mac";
			productReference = 5470B5611985124800E4D941 /* libMTLManagedObjectAdapter-Mac.a */;
			productType = "com.apple.product-type.library.static";
		};
/* End PBXNativeTarget section */

/* Begin PBXProject section */
		5470B4FE1985122200E4D941 /* Project object */ = {
			isa = PBXProject;
			attributes = {
				LastUpgradeCheck = 0510;
				ORGANIZATIONNAME = GitHub;
				TargetAttributes = {
					5470B51D1985122200E4D941 = {
						TestTargetID = 5470B5061985122200E4D941;
					};
					5470B5461985123E00E4D941 = {
						TestTargetID = 5470B5061985122200E4D941;
					};
				};
			};
			buildConfigurationList = 5470B5011985122200E4D941 /* Build configuration list for PBXProject "MTLManagedObjectAdapter" */;
			compatibilityVersion = "Xcode 3.2";
			developmentRegion = English;
			hasScannedForEncodings = 0;
			knownRegions = (
				en,
			);
			mainGroup = 5470B4FD1985122200E4D941;
			productRefGroup = 5470B5081985122200E4D941 /* Products */;
			projectDirPath = "";
			projectRoot = "";
			targets = (
				5470B5061985122200E4D941 /* MTLManagedObjectAdapter */,
				5470B51D1985122200E4D941 /* MTLManagedObjectAdapterTests */,
				5470B5381985123E00E4D941 /* MTLManagedObjectAdapter-iOS */,
				5470B5461985123E00E4D941 /* MTLManagedObjectAdapter-iOSTests */,
				5470B5601985124800E4D941 /* MTLManagedObjectAdapter-Mac */,
			);
		};
/* End PBXProject section */

/* Begin PBXResourcesBuildPhase section */
		5470B5051985122200E4D941 /* Resources */ = {
			isa = PBXResourcesBuildPhase;
			buildActionMask = 2147483647;
			files = (
			);
			runOnlyForDeploymentPostprocessing = 0;
		};
		5470B51C1985122200E4D941 /* Resources */ = {
			isa = PBXResourcesBuildPhase;
			buildActionMask = 2147483647;
			files = (
			);
			runOnlyForDeploymentPostprocessing = 0;
		};
		5470B5451985123E00E4D941 /* Resources */ = {
			isa = PBXResourcesBuildPhase;
			buildActionMask = 2147483647;
			files = (
			);
			runOnlyForDeploymentPostprocessing = 0;
		};
/* End PBXResourcesBuildPhase section */

/* Begin PBXSourcesBuildPhase section */
		5470B5021985122200E4D941 /* Sources */ = {
			isa = PBXSourcesBuildPhase;
			buildActionMask = 2147483647;
			files = (
				5470B5CC19851F3900E4D941 /* EXTScope.m in Sources */,
				5470B5C819851F3900E4D941 /* EXTRuntimeExtensions.m in Sources */,
				5470B5191985122200E4D941 /* MTLManagedObjectAdapter.m in Sources */,
			);
			runOnlyForDeploymentPostprocessing = 0;
		};
		5470B51A1985122200E4D941 /* Sources */ = {
			isa = PBXSourcesBuildPhase;
			buildActionMask = 2147483647;
			files = (
				5470B52C1985122300E4D941 /* MTLManagedObjectAdapterSpec.m in Sources */,
				5470B5D71985208C00E4D941 /* MTLCoreDataTestModels.m in Sources */,
				5470B5D51985208C00E4D941 /* MTLCoreDataObjects.m in Sources */,
				5470B5DB1985209E00E4D941 /* TestModel.xcdatamodeld in Sources */,
			);
			runOnlyForDeploymentPostprocessing = 0;
		};
		5470B5351985123E00E4D941 /* Sources */ = {
			isa = PBXSourcesBuildPhase;
			buildActionMask = 2147483647;
			files = (
				5470B5CD19851F3900E4D941 /* EXTScope.m in Sources */,
				5470B5C919851F3900E4D941 /* EXTRuntimeExtensions.m in Sources */,
				5470B584198512B500E4D941 /* MTLManagedObjectAdapter.m in Sources */,
			);
			runOnlyForDeploymentPostprocessing = 0;
		};
		5470B5431985123E00E4D941 /* Sources */ = {
			isa = PBXSourcesBuildPhase;
			buildActionMask = 2147483647;
			files = (
				5470B5DC1985209E00E4D941 /* TestModel.xcdatamodeld in Sources */,
				54B8B024198531190035AF84 /* MTLManagedObjectAdapterSpec.m in Sources */,
				5470B5D81985208C00E4D941 /* MTLCoreDataTestModels.m in Sources */,
				5470B5D61985208C00E4D941 /* MTLCoreDataObjects.m in Sources */,
			);
			runOnlyForDeploymentPostprocessing = 0;
		};
		5470B55D1985124800E4D941 /* Sources */ = {
			isa = PBXSourcesBuildPhase;
			buildActionMask = 2147483647;
			files = (
				5470B5CE19851F3900E4D941 /* EXTScope.m in Sources */,
				5470B5CA19851F3900E4D941 /* EXTRuntimeExtensions.m in Sources */,
				5470B585198512B500E4D941 /* MTLManagedObjectAdapter.m in Sources */,
			);
			runOnlyForDeploymentPostprocessing = 0;
		};
/* End PBXSourcesBuildPhase section */

/* Begin PBXTargetDependency section */
		5470B5231985122200E4D941 /* PBXTargetDependency */ = {
			isa = PBXTargetDependency;
			target = 5470B5061985122200E4D941 /* MTLManagedObjectAdapter */;
			targetProxy = 5470B5221985122200E4D941 /* PBXContainerItemProxy */;
		};
		5470B54D1985123E00E4D941 /* PBXTargetDependency */ = {
			isa = PBXTargetDependency;
			target = 5470B5381985123E00E4D941 /* MTLManagedObjectAdapter-iOS */;
			targetProxy = 5470B54C1985123E00E4D941 /* PBXContainerItemProxy */;
		};
/* End PBXTargetDependency section */

/* Begin XCBuildConfiguration section */
		5470B52D1985122300E4D941 /* Debug */ = {
			isa = XCBuildConfiguration;
			baseConfigurationReference = 5470B58A198514F700E4D941 /* Debug.xcconfig */;
			buildSettings = {
				ALWAYS_SEARCH_USER_PATHS = NO;
				CLANG_CXX_LANGUAGE_STANDARD = "gnu++0x";
				CLANG_CXX_LIBRARY = "libc++";
				CLANG_ENABLE_MODULES = YES;
				CLANG_ENABLE_OBJC_ARC = YES;
				CLANG_WARN_BOOL_CONVERSION = YES;
				CLANG_WARN_CONSTANT_CONVERSION = YES;
				CLANG_WARN_DIRECT_OBJC_ISA_USAGE = YES_ERROR;
				CLANG_WARN_EMPTY_BODY = YES;
				CLANG_WARN_ENUM_CONVERSION = YES;
				CLANG_WARN_INT_CONVERSION = YES;
				CLANG_WARN_OBJC_ROOT_CLASS = YES_ERROR;
				CLANG_WARN__DUPLICATE_METHOD_MATCH = YES;
				COPY_PHASE_STRIP = NO;
				GCC_C_LANGUAGE_STANDARD = gnu99;
				GCC_DYNAMIC_NO_PIC = NO;
				GCC_ENABLE_OBJC_EXCEPTIONS = YES;
				GCC_OPTIMIZATION_LEVEL = 0;
				GCC_PREPROCESSOR_DEFINITIONS = (
					"DEBUG=1",
					"$(inherited)",
				);
				GCC_SYMBOLS_PRIVATE_EXTERN = NO;
				GCC_WARN_64_TO_32_BIT_CONVERSION = YES;
				GCC_WARN_ABOUT_RETURN_TYPE = YES_ERROR;
				GCC_WARN_UNDECLARED_SELECTOR = YES;
				GCC_WARN_UNINITIALIZED_AUTOS = YES_AGGRESSIVE;
				GCC_WARN_UNUSED_FUNCTION = YES;
				GCC_WARN_UNUSED_VARIABLE = YES;
				IPHONEOS_DEPLOYMENT_TARGET = 8.0;
				MACOSX_DEPLOYMENT_TARGET = 10.8;
				ONLY_ACTIVE_ARCH = YES;
				SDKROOT = macosx;
			};
			name = Debug;
		};
		5470B52E1985122300E4D941 /* Release */ = {
			isa = XCBuildConfiguration;
			baseConfigurationReference = 5470B58C198514F700E4D941 /* Release.xcconfig */;
			buildSettings = {
				ALWAYS_SEARCH_USER_PATHS = NO;
				CLANG_CXX_LANGUAGE_STANDARD = "gnu++0x";
				CLANG_CXX_LIBRARY = "libc++";
				CLANG_ENABLE_MODULES = YES;
				CLANG_ENABLE_OBJC_ARC = YES;
				CLANG_WARN_BOOL_CONVERSION = YES;
				CLANG_WARN_CONSTANT_CONVERSION = YES;
				CLANG_WARN_DIRECT_OBJC_ISA_USAGE = YES_ERROR;
				CLANG_WARN_EMPTY_BODY = YES;
				CLANG_WARN_ENUM_CONVERSION = YES;
				CLANG_WARN_INT_CONVERSION = YES;
				CLANG_WARN_OBJC_ROOT_CLASS = YES_ERROR;
				CLANG_WARN__DUPLICATE_METHOD_MATCH = YES;
				COPY_PHASE_STRIP = YES;
				DEBUG_INFORMATION_FORMAT = "dwarf-with-dsym";
				ENABLE_NS_ASSERTIONS = NO;
				GCC_C_LANGUAGE_STANDARD = gnu99;
				GCC_ENABLE_OBJC_EXCEPTIONS = YES;
				GCC_WARN_64_TO_32_BIT_CONVERSION = YES;
				GCC_WARN_ABOUT_RETURN_TYPE = YES_ERROR;
				GCC_WARN_UNDECLARED_SELECTOR = YES;
				GCC_WARN_UNINITIALIZED_AUTOS = YES_AGGRESSIVE;
				GCC_WARN_UNUSED_FUNCTION = YES;
				GCC_WARN_UNUSED_VARIABLE = YES;
				IPHONEOS_DEPLOYMENT_TARGET = 8.0;
				MACOSX_DEPLOYMENT_TARGET = 10.8;
				SDKROOT = macosx;
			};
			name = Release;
		};
		5470B5301985122300E4D941 /* Debug */ = {
			isa = XCBuildConfiguration;
			baseConfigurationReference = 5470B599198514F700E4D941 /* Mac-Framework.xcconfig */;
			buildSettings = {
				COMBINE_HIDPI_IMAGES = YES;
				DYLIB_COMPATIBILITY_VERSION = 1;
				DYLIB_CURRENT_VERSION = 1;
				FRAMEWORK_SEARCH_PATHS = (
					"$(inherited)",
					"$(PROJECT_DIR)/External/Mantle/build/Debug",
					"$(USER_LIBRARY_DIR)/Developer/Xcode/DerivedData/MTLManagedObjectAdapter-ftcciwcfncdxfxdhtowxujfgekri/Build/Products/Debug",
				);
				FRAMEWORK_VERSION = A;
				GCC_PRECOMPILE_PREFIX_HEADER = YES;
				GCC_PREFIX_HEADER = "MTLManagedObjectAdapter/MTLManagedObjectAdapter-Prefix.pch";
				INFOPLIST_FILE = "MTLManagedObjectAdapter/MTLManagedObjectAdapter-Info.plist";
				PRODUCT_NAME = "$(TARGET_NAME)";
				WRAPPER_EXTENSION = framework;
			};
			name = Debug;
		};
		5470B5311985122300E4D941 /* Release */ = {
			isa = XCBuildConfiguration;
			baseConfigurationReference = 5470B599198514F700E4D941 /* Mac-Framework.xcconfig */;
			buildSettings = {
				COMBINE_HIDPI_IMAGES = YES;
				DYLIB_COMPATIBILITY_VERSION = 1;
				DYLIB_CURRENT_VERSION = 1;
				FRAMEWORK_SEARCH_PATHS = (
					"$(inherited)",
					"$(PROJECT_DIR)/External/Mantle/build/Debug",
					"$(USER_LIBRARY_DIR)/Developer/Xcode/DerivedData/MTLManagedObjectAdapter-ftcciwcfncdxfxdhtowxujfgekri/Build/Products/Debug",
				);
				FRAMEWORK_VERSION = A;
				GCC_PRECOMPILE_PREFIX_HEADER = YES;
				GCC_PREFIX_HEADER = "MTLManagedObjectAdapter/MTLManagedObjectAdapter-Prefix.pch";
				INFOPLIST_FILE = "MTLManagedObjectAdapter/MTLManagedObjectAdapter-Info.plist";
				PRODUCT_NAME = "$(TARGET_NAME)";
				WRAPPER_EXTENSION = framework;
			};
			name = Release;
		};
		5470B5331985122300E4D941 /* Debug */ = {
			isa = XCBuildConfiguration;
			baseConfigurationReference = 5470B596198514F700E4D941 /* Mac-Application.xcconfig */;
			buildSettings = {
				BUNDLE_LOADER = "$(BUILT_PRODUCTS_DIR)/MTLManagedObjectAdapter.framework/Versions/A/MTLManagedObjectAdapter";
				COMBINE_HIDPI_IMAGES = YES;
				FRAMEWORK_SEARCH_PATHS = (
					"$(DEVELOPER_FRAMEWORKS_DIR)",
					"$(inherited)",
					"$(USER_LIBRARY_DIR)/Developer/Xcode/DerivedData/MTLManagedObjectAdapter-ftcciwcfncdxfxdhtowxujfgekri/Build/Products/Debug",
				);
				GCC_PRECOMPILE_PREFIX_HEADER = YES;
				GCC_PREFIX_HEADER = "MTLManagedObjectAdapterTests/MTLManagedObjectAdapterTests-Prefix.pch";
				GCC_PREPROCESSOR_DEFINITIONS = (
					"DEBUG=1",
					"$(inherited)",
				);
				HEADER_SEARCH_PATHS = (
					MTLManagedObjectAdapterTests/specta/src,
					"MTLManagedObjectAdapterTests/expecta/src/**",
				);
				INFOPLIST_FILE = "MTLManagedObjectAdapterTests/MTLManagedObjectAdapterTests-Info.plist";
				LIBRARY_SEARCH_PATHS = (
					"$(inherited)",
					"$(PROJECT_DIR)/MTLManagedObjectAdapterTests/specta/build/Debug",
					"$(PROJECT_DIR)/MTLManagedObjectAdapterTests/expecta/build/Debug",
				);
				OTHER_LDFLAGS = (
					"$(inherited)",
					"-framework",
					XCTest,
					"-ObjC",
				);
				PRODUCT_NAME = "$(TARGET_NAME)";
				WRAPPER_EXTENSION = xctest;
			};
			name = Debug;
		};
		5470B5341985122300E4D941 /* Release */ = {
			isa = XCBuildConfiguration;
			baseConfigurationReference = 5470B596198514F700E4D941 /* Mac-Application.xcconfig */;
			buildSettings = {
				BUNDLE_LOADER = "$(BUILT_PRODUCTS_DIR)/MTLManagedObjectAdapter.framework/Versions/A/MTLManagedObjectAdapter";
				COMBINE_HIDPI_IMAGES = YES;
				FRAMEWORK_SEARCH_PATHS = (
					"$(DEVELOPER_FRAMEWORKS_DIR)",
					"$(inherited)",
					"$(USER_LIBRARY_DIR)/Developer/Xcode/DerivedData/MTLManagedObjectAdapter-ftcciwcfncdxfxdhtowxujfgekri/Build/Products/Debug",
				);
				GCC_PRECOMPILE_PREFIX_HEADER = YES;
				GCC_PREFIX_HEADER = "MTLManagedObjectAdapterTests/MTLManagedObjectAdapterTests-Prefix.pch";
				HEADER_SEARCH_PATHS = (
					MTLManagedObjectAdapterTests/specta/src,
					"MTLManagedObjectAdapterTests/expecta/src/**",
				);
				INFOPLIST_FILE = "MTLManagedObjectAdapterTests/MTLManagedObjectAdapterTests-Info.plist";
				LIBRARY_SEARCH_PATHS = (
					"$(inherited)",
					"$(PROJECT_DIR)/MTLManagedObjectAdapterTests/specta/build/Debug",
					"$(PROJECT_DIR)/MTLManagedObjectAdapterTests/expecta/build/Debug",
				);
				OTHER_LDFLAGS = (
					"$(inherited)",
					"-framework",
					XCTest,
					"-ObjC",
				);
				PRODUCT_NAME = "$(TARGET_NAME)";
				WRAPPER_EXTENSION = xctest;
			};
			name = Release;
		};
		5470B5581985123F00E4D941 /* Debug */ = {
			isa = XCBuildConfiguration;
			baseConfigurationReference = 5470B594198514F700E4D941 /* iOS-StaticLibrary.xcconfig */;
			buildSettings = {
				DSTROOT = /tmp/MTLManagedObjectAdapter_iOS.dst;
				GCC_PRECOMPILE_PREFIX_HEADER = YES;
				GCC_PREFIX_HEADER = "MTLManagedObjectAdapter/MTLManagedObjectAdapter-Prefix.pch";
				GCC_PREPROCESSOR_DEFINITIONS = (
					"DEBUG=1",
					"$(inherited)",
				);
				IPHONEOS_DEPLOYMENT_TARGET = 7.1;
				OTHER_LDFLAGS = "-ObjC";
				PRODUCT_NAME = "$(TARGET_NAME)";
				SDKROOT = iphoneos;
				SKIP_INSTALL = YES;
			};
			name = Debug;
		};
		5470B5591985123F00E4D941 /* Release */ = {
			isa = XCBuildConfiguration;
			baseConfigurationReference = 5470B594198514F700E4D941 /* iOS-StaticLibrary.xcconfig */;
			buildSettings = {
				DSTROOT = /tmp/MTLManagedObjectAdapter_iOS.dst;
				GCC_PRECOMPILE_PREFIX_HEADER = YES;
				GCC_PREFIX_HEADER = "MTLManagedObjectAdapter/MTLManagedObjectAdapter-Prefix.pch";
				IPHONEOS_DEPLOYMENT_TARGET = 7.1;
				OTHER_LDFLAGS = "-ObjC";
				PRODUCT_NAME = "$(TARGET_NAME)";
				SDKROOT = iphoneos;
				SKIP_INSTALL = YES;
				VALIDATE_PRODUCT = YES;
			};
			name = Release;
		};
		5470B55B1985123F00E4D941 /* Debug */ = {
			isa = XCBuildConfiguration;
			baseConfigurationReference = 5470B592198514F700E4D941 /* iOS-Application.xcconfig */;
			buildSettings = {
				ARCHS = "$(ARCHS_STANDARD)";
				FRAMEWORK_SEARCH_PATHS = (
					"$(SDKROOT)/Developer/Library/Frameworks",
					"$(inherited)",
					"$(DEVELOPER_FRAMEWORKS_DIR)",
				);
				GCC_PRECOMPILE_PREFIX_HEADER = YES;
				GCC_PREFIX_HEADER = "MTLManagedObjectAdapterTests/MTLManagedObjectAdapterTests-Prefix.pch";
				GCC_PREPROCESSOR_DEFINITIONS = (
					"DEBUG=1",
					"$(inherited)",
				);
				HEADER_SEARCH_PATHS = (
					MTLManagedObjectAdapterTests/specta/src,
					"MTLManagedObjectAdapterTests/expecta/src/**",
				);
				INFOPLIST_FILE = "MTLManagedObjectAdapterTests/MTLManagedObjectAdapterTests-Info.plist";
				LIBRARY_SEARCH_PATHS = (
					"$(inherited)",
					"$(PROJECT_DIR)/MTLManagedObjectAdapterTests/expecta/build/Debug-iphoneos",
					"$(PROJECT_DIR)/MTLManagedObjectAdapterTests/specta/build/Debug-iphoneos",
					"$(PROJECT_DIR)/MTLManagedObjectAdapterTests/specta/build/Test-iphoneos",
				);
				ONLY_ACTIVE_ARCH = YES;
				OTHER_LDFLAGS = "-ObjC";
				PRODUCT_NAME = "$(TARGET_NAME)";
				SDKROOT = iphoneos;
				VALID_ARCHS = "armv7 armv7s arm64 x86_64";
				WRAPPER_EXTENSION = xctest;
			};
			name = Debug;
		};
		5470B55C1985123F00E4D941 /* Release */ = {
			isa = XCBuildConfiguration;
			baseConfigurationReference = 5470B592198514F700E4D941 /* iOS-Application.xcconfig */;
			buildSettings = {
				ARCHS = "$(ARCHS_STANDARD)";
				FRAMEWORK_SEARCH_PATHS = (
					"$(SDKROOT)/Developer/Library/Frameworks",
					"$(inherited)",
					"$(DEVELOPER_FRAMEWORKS_DIR)",
				);
				GCC_PRECOMPILE_PREFIX_HEADER = YES;
				GCC_PREFIX_HEADER = "MTLManagedObjectAdapterTests/MTLManagedObjectAdapterTests-Prefix.pch";
				HEADER_SEARCH_PATHS = (
					MTLManagedObjectAdapterTests/specta/src,
					"MTLManagedObjectAdapterTests/expecta/src/**",
				);
				INFOPLIST_FILE = "MTLManagedObjectAdapterTests/MTLManagedObjectAdapterTests-Info.plist";
				LIBRARY_SEARCH_PATHS = (
					"$(inherited)",
					"$(PROJECT_DIR)/MTLManagedObjectAdapterTests/expecta/build/Debug-iphoneos",
					"$(PROJECT_DIR)/MTLManagedObjectAdapterTests/specta/build/Debug-iphoneos",
					"$(PROJECT_DIR)/MTLManagedObjectAdapterTests/specta/build/Test-iphoneos",
				);
				OTHER_LDFLAGS = "-ObjC";
				PRODUCT_NAME = "$(TARGET_NAME)";
				SDKROOT = iphoneos;
				VALIDATE_PRODUCT = YES;
				VALID_ARCHS = "armv7 armv7s arm64 x86_64";
				WRAPPER_EXTENSION = xctest;
			};
			name = Release;
		};
		5470B57E1985124800E4D941 /* Debug */ = {
			isa = XCBuildConfiguration;
			baseConfigurationReference = 5470B59A198514F700E4D941 /* Mac-StaticLibrary.xcconfig */;
			buildSettings = {
				DSTROOT = /tmp/MTLManagedObjectAdapter_Mac.dst;
				GCC_PRECOMPILE_PREFIX_HEADER = YES;
				GCC_PREFIX_HEADER = "MTLManagedObjectAdapter/MTLManagedObjectAdapter-Prefix.pch";
				GCC_PREPROCESSOR_DEFINITIONS = (
					"DEBUG=1",
					"$(inherited)",
				);
				IPHONEOS_DEPLOYMENT_TARGET = 7.1;
				OTHER_LDFLAGS = "-ObjC";
				PRODUCT_NAME = "$(TARGET_NAME)";
				SKIP_INSTALL = YES;
			};
			name = Debug;
		};
		5470B57F1985124800E4D941 /* Release */ = {
			isa = XCBuildConfiguration;
			baseConfigurationReference = 5470B59A198514F700E4D941 /* Mac-StaticLibrary.xcconfig */;
			buildSettings = {
				DSTROOT = /tmp/MTLManagedObjectAdapter_Mac.dst;
				GCC_PRECOMPILE_PREFIX_HEADER = YES;
				GCC_PREFIX_HEADER = "MTLManagedObjectAdapter/MTLManagedObjectAdapter-Prefix.pch";
				IPHONEOS_DEPLOYMENT_TARGET = 7.1;
				OTHER_LDFLAGS = "-ObjC";
				PRODUCT_NAME = "$(TARGET_NAME)";
				SKIP_INSTALL = YES;
				VALIDATE_PRODUCT = YES;
			};
			name = Release;
		};
		5470B59C1985153C00E4D941 /* Test */ = {
			isa = XCBuildConfiguration;
			baseConfigurationReference = 5470B58D198514F700E4D941 /* Test.xcconfig */;
			buildSettings = {
				ALWAYS_SEARCH_USER_PATHS = NO;
				CLANG_CXX_LANGUAGE_STANDARD = "gnu++0x";
				CLANG_CXX_LIBRARY = "libc++";
				CLANG_ENABLE_MODULES = YES;
				CLANG_ENABLE_OBJC_ARC = YES;
				CLANG_WARN_BOOL_CONVERSION = YES;
				CLANG_WARN_CONSTANT_CONVERSION = YES;
				CLANG_WARN_DIRECT_OBJC_ISA_USAGE = YES_ERROR;
				CLANG_WARN_EMPTY_BODY = YES;
				CLANG_WARN_ENUM_CONVERSION = YES;
				CLANG_WARN_INT_CONVERSION = YES;
				CLANG_WARN_OBJC_ROOT_CLASS = YES_ERROR;
				CLANG_WARN__DUPLICATE_METHOD_MATCH = YES;
				COPY_PHASE_STRIP = NO;
				GCC_C_LANGUAGE_STANDARD = gnu99;
				GCC_DYNAMIC_NO_PIC = NO;
				GCC_ENABLE_OBJC_EXCEPTIONS = YES;
				GCC_OPTIMIZATION_LEVEL = 0;
				GCC_PREPROCESSOR_DEFINITIONS = (
					"DEBUG=1",
					"$(inherited)",
				);
				GCC_SYMBOLS_PRIVATE_EXTERN = NO;
				GCC_WARN_64_TO_32_BIT_CONVERSION = YES;
				GCC_WARN_ABOUT_RETURN_TYPE = YES_ERROR;
				GCC_WARN_UNDECLARED_SELECTOR = YES;
				GCC_WARN_UNINITIALIZED_AUTOS = YES_AGGRESSIVE;
				GCC_WARN_UNUSED_FUNCTION = YES;
				GCC_WARN_UNUSED_VARIABLE = YES;
				IPHONEOS_DEPLOYMENT_TARGET = 8.0;
				MACOSX_DEPLOYMENT_TARGET = 10.8;
				ONLY_ACTIVE_ARCH = YES;
				SDKROOT = macosx;
			};
			name = Test;
		};
		5470B59D1985153C00E4D941 /* Test */ = {
			isa = XCBuildConfiguration;
			baseConfigurationReference = 5470B599198514F700E4D941 /* Mac-Framework.xcconfig */;
			buildSettings = {
				COMBINE_HIDPI_IMAGES = YES;
				DYLIB_COMPATIBILITY_VERSION = 1;
				DYLIB_CURRENT_VERSION = 1;
				FRAMEWORK_SEARCH_PATHS = (
					"$(inherited)",
					"$(PROJECT_DIR)/External/Mantle/build/Debug",
					"$(USER_LIBRARY_DIR)/Developer/Xcode/DerivedData/MTLManagedObjectAdapter-ftcciwcfncdxfxdhtowxujfgekri/Build/Products/Debug",
				);
				FRAMEWORK_VERSION = A;
				GCC_PRECOMPILE_PREFIX_HEADER = YES;
				GCC_PREFIX_HEADER = "MTLManagedObjectAdapter/MTLManagedObjectAdapter-Prefix.pch";
				INFOPLIST_FILE = "MTLManagedObjectAdapter/MTLManagedObjectAdapter-Info.plist";
				PRODUCT_NAME = "$(TARGET_NAME)";
				WRAPPER_EXTENSION = framework;
			};
			name = Test;
		};
		5470B59E1985153C00E4D941 /* Test */ = {
			isa = XCBuildConfiguration;
			baseConfigurationReference = 5470B596198514F700E4D941 /* Mac-Application.xcconfig */;
			buildSettings = {
				BUNDLE_LOADER = "$(BUILT_PRODUCTS_DIR)/MTLManagedObjectAdapter.framework/Versions/A/MTLManagedObjectAdapter";
				COMBINE_HIDPI_IMAGES = YES;
				FRAMEWORK_SEARCH_PATHS = (
					"$(DEVELOPER_FRAMEWORKS_DIR)",
					"$(inherited)",
					"$(USER_LIBRARY_DIR)/Developer/Xcode/DerivedData/MTLManagedObjectAdapter-ftcciwcfncdxfxdhtowxujfgekri/Build/Products/Debug",
				);
				GCC_PRECOMPILE_PREFIX_HEADER = YES;
				GCC_PREFIX_HEADER = "MTLManagedObjectAdapterTests/MTLManagedObjectAdapterTests-Prefix.pch";
				GCC_PREPROCESSOR_DEFINITIONS = (
					"DEBUG=1",
					"$(inherited)",
				);
				HEADER_SEARCH_PATHS = (
					MTLManagedObjectAdapterTests/specta/src,
					"MTLManagedObjectAdapterTests/expecta/src/**",
				);
				INFOPLIST_FILE = "MTLManagedObjectAdapterTests/MTLManagedObjectAdapterTests-Info.plist";
				LIBRARY_SEARCH_PATHS = (
					"$(inherited)",
					"$(PROJECT_DIR)/MTLManagedObjectAdapterTests/specta/build/Debug",
					"$(PROJECT_DIR)/MTLManagedObjectAdapterTests/expecta/build/Debug",
				);
				OTHER_LDFLAGS = (
					"$(inherited)",
					"-framework",
					XCTest,
					"-ObjC",
				);
				PRODUCT_NAME = "$(TARGET_NAME)";
				WRAPPER_EXTENSION = xctest;
			};
			name = Test;
		};
		5470B59F1985153C00E4D941 /* Test */ = {
			isa = XCBuildConfiguration;
			baseConfigurationReference = 5470B594198514F700E4D941 /* iOS-StaticLibrary.xcconfig */;
			buildSettings = {
				DSTROOT = /tmp/MTLManagedObjectAdapter_iOS.dst;
				GCC_PRECOMPILE_PREFIX_HEADER = YES;
				GCC_PREFIX_HEADER = "MTLManagedObjectAdapter/MTLManagedObjectAdapter-Prefix.pch";
				GCC_PREPROCESSOR_DEFINITIONS = (
					"DEBUG=1",
					"$(inherited)",
				);
				IPHONEOS_DEPLOYMENT_TARGET = 7.1;
				OTHER_LDFLAGS = "-ObjC";
				PRODUCT_NAME = "$(TARGET_NAME)";
				SDKROOT = iphoneos;
				SKIP_INSTALL = YES;
			};
			name = Test;
		};
		5470B5A01985153C00E4D941 /* Test */ = {
			isa = XCBuildConfiguration;
			baseConfigurationReference = 5470B592198514F700E4D941 /* iOS-Application.xcconfig */;
			buildSettings = {
				ARCHS = "$(ARCHS_STANDARD)";
				FRAMEWORK_SEARCH_PATHS = (
					"$(SDKROOT)/Developer/Library/Frameworks",
					"$(inherited)",
					"$(DEVELOPER_FRAMEWORKS_DIR)",
				);
				GCC_PRECOMPILE_PREFIX_HEADER = YES;
				GCC_PREFIX_HEADER = "MTLManagedObjectAdapterTests/MTLManagedObjectAdapterTests-Prefix.pch";
				GCC_PREPROCESSOR_DEFINITIONS = (
					"DEBUG=1",
					"$(inherited)",
				);
				HEADER_SEARCH_PATHS = (
					MTLManagedObjectAdapterTests/specta/src,
					"MTLManagedObjectAdapterTests/expecta/src/**",
				);
				INFOPLIST_FILE = "MTLManagedObjectAdapterTests/MTLManagedObjectAdapterTests-Info.plist";
				LIBRARY_SEARCH_PATHS = (
					"$(inherited)",
					"$(PROJECT_DIR)/MTLManagedObjectAdapterTests/expecta/build/Debug-iphoneos",
					"$(PROJECT_DIR)/MTLManagedObjectAdapterTests/specta/build/Debug-iphoneos",
					"$(PROJECT_DIR)/MTLManagedObjectAdapterTests/specta/build/Test-iphoneos",
				);
				ONLY_ACTIVE_ARCH = YES;
				OTHER_LDFLAGS = "-ObjC";
				PRODUCT_NAME = "$(TARGET_NAME)";
				SDKROOT = iphoneos;
				VALID_ARCHS = "armv7 armv7s arm64 x86_64";
				WRAPPER_EXTENSION = xctest;
			};
			name = Test;
		};
		5470B5A11985153C00E4D941 /* Test */ = {
			isa = XCBuildConfiguration;
			baseConfigurationReference = 5470B59A198514F700E4D941 /* Mac-StaticLibrary.xcconfig */;
			buildSettings = {
				DSTROOT = /tmp/MTLManagedObjectAdapter_Mac.dst;
				GCC_PRECOMPILE_PREFIX_HEADER = YES;
				GCC_PREFIX_HEADER = "MTLManagedObjectAdapter/MTLManagedObjectAdapter-Prefix.pch";
				GCC_PREPROCESSOR_DEFINITIONS = (
					"DEBUG=1",
					"$(inherited)",
				);
				IPHONEOS_DEPLOYMENT_TARGET = 7.1;
				OTHER_LDFLAGS = "-ObjC";
				PRODUCT_NAME = "$(TARGET_NAME)";
				SKIP_INSTALL = YES;
			};
			name = Test;
		};
		5470B5A21985155E00E4D941 /* Profile */ = {
			isa = XCBuildConfiguration;
			baseConfigurationReference = 5470B58B198514F700E4D941 /* Profile.xcconfig */;
			buildSettings = {
				ALWAYS_SEARCH_USER_PATHS = NO;
				CLANG_CXX_LANGUAGE_STANDARD = "gnu++0x";
				CLANG_CXX_LIBRARY = "libc++";
				CLANG_ENABLE_MODULES = YES;
				CLANG_ENABLE_OBJC_ARC = YES;
				CLANG_WARN_BOOL_CONVERSION = YES;
				CLANG_WARN_CONSTANT_CONVERSION = YES;
				CLANG_WARN_DIRECT_OBJC_ISA_USAGE = YES_ERROR;
				CLANG_WARN_EMPTY_BODY = YES;
				CLANG_WARN_ENUM_CONVERSION = YES;
				CLANG_WARN_INT_CONVERSION = YES;
				CLANG_WARN_OBJC_ROOT_CLASS = YES_ERROR;
				CLANG_WARN__DUPLICATE_METHOD_MATCH = YES;
				COPY_PHASE_STRIP = YES;
				DEBUG_INFORMATION_FORMAT = "dwarf-with-dsym";
				ENABLE_NS_ASSERTIONS = NO;
				GCC_C_LANGUAGE_STANDARD = gnu99;
				GCC_ENABLE_OBJC_EXCEPTIONS = YES;
				GCC_WARN_64_TO_32_BIT_CONVERSION = YES;
				GCC_WARN_ABOUT_RETURN_TYPE = YES_ERROR;
				GCC_WARN_UNDECLARED_SELECTOR = YES;
				GCC_WARN_UNINITIALIZED_AUTOS = YES_AGGRESSIVE;
				GCC_WARN_UNUSED_FUNCTION = YES;
				GCC_WARN_UNUSED_VARIABLE = YES;
				IPHONEOS_DEPLOYMENT_TARGET = 8.0;
				MACOSX_DEPLOYMENT_TARGET = 10.8;
				SDKROOT = macosx;
			};
			name = Profile;
		};
		5470B5A31985155E00E4D941 /* Profile */ = {
			isa = XCBuildConfiguration;
			baseConfigurationReference = 5470B599198514F700E4D941 /* Mac-Framework.xcconfig */;
			buildSettings = {
				COMBINE_HIDPI_IMAGES = YES;
				DYLIB_COMPATIBILITY_VERSION = 1;
				DYLIB_CURRENT_VERSION = 1;
				FRAMEWORK_SEARCH_PATHS = (
					"$(inherited)",
					"$(PROJECT_DIR)/External/Mantle/build/Debug",
					"$(USER_LIBRARY_DIR)/Developer/Xcode/DerivedData/MTLManagedObjectAdapter-ftcciwcfncdxfxdhtowxujfgekri/Build/Products/Debug",
				);
				FRAMEWORK_VERSION = A;
				GCC_PRECOMPILE_PREFIX_HEADER = YES;
				GCC_PREFIX_HEADER = "MTLManagedObjectAdapter/MTLManagedObjectAdapter-Prefix.pch";
				INFOPLIST_FILE = "MTLManagedObjectAdapter/MTLManagedObjectAdapter-Info.plist";
				PRODUCT_NAME = "$(TARGET_NAME)";
				WRAPPER_EXTENSION = framework;
			};
			name = Profile;
		};
		5470B5A41985155E00E4D941 /* Profile */ = {
			isa = XCBuildConfiguration;
			baseConfigurationReference = 5470B596198514F700E4D941 /* Mac-Application.xcconfig */;
			buildSettings = {
				BUNDLE_LOADER = "$(BUILT_PRODUCTS_DIR)/MTLManagedObjectAdapter.framework/Versions/A/MTLManagedObjectAdapter";
				COMBINE_HIDPI_IMAGES = YES;
				FRAMEWORK_SEARCH_PATHS = (
					"$(DEVELOPER_FRAMEWORKS_DIR)",
					"$(inherited)",
					"$(USER_LIBRARY_DIR)/Developer/Xcode/DerivedData/MTLManagedObjectAdapter-ftcciwcfncdxfxdhtowxujfgekri/Build/Products/Debug",
				);
				GCC_PRECOMPILE_PREFIX_HEADER = YES;
				GCC_PREFIX_HEADER = "MTLManagedObjectAdapterTests/MTLManagedObjectAdapterTests-Prefix.pch";
				HEADER_SEARCH_PATHS = (
					MTLManagedObjectAdapterTests/specta/src,
					"MTLManagedObjectAdapterTests/expecta/src/**",
				);
				INFOPLIST_FILE = "MTLManagedObjectAdapterTests/MTLManagedObjectAdapterTests-Info.plist";
				LIBRARY_SEARCH_PATHS = (
					"$(inherited)",
					"$(PROJECT_DIR)/MTLManagedObjectAdapterTests/specta/build/Debug",
					"$(PROJECT_DIR)/MTLManagedObjectAdapterTests/expecta/build/Debug",
				);
				OTHER_LDFLAGS = (
					"$(inherited)",
					"-framework",
					XCTest,
					"-ObjC",
				);
				PRODUCT_NAME = "$(TARGET_NAME)";
				WRAPPER_EXTENSION = xctest;
			};
			name = Profile;
		};
		5470B5A51985155E00E4D941 /* Profile */ = {
			isa = XCBuildConfiguration;
			baseConfigurationReference = 5470B594198514F700E4D941 /* iOS-StaticLibrary.xcconfig */;
			buildSettings = {
				DSTROOT = /tmp/MTLManagedObjectAdapter_iOS.dst;
				GCC_PRECOMPILE_PREFIX_HEADER = YES;
				GCC_PREFIX_HEADER = "MTLManagedObjectAdapter/MTLManagedObjectAdapter-Prefix.pch";
				IPHONEOS_DEPLOYMENT_TARGET = 7.1;
				OTHER_LDFLAGS = "-ObjC";
				PRODUCT_NAME = "$(TARGET_NAME)";
				SDKROOT = iphoneos;
				SKIP_INSTALL = YES;
				VALIDATE_PRODUCT = YES;
			};
			name = Profile;
		};
		5470B5A61985155E00E4D941 /* Profile */ = {
			isa = XCBuildConfiguration;
			baseConfigurationReference = 5470B592198514F700E4D941 /* iOS-Application.xcconfig */;
			buildSettings = {
				ARCHS = "$(ARCHS_STANDARD)";
				FRAMEWORK_SEARCH_PATHS = (
					"$(SDKROOT)/Developer/Library/Frameworks",
					"$(inherited)",
					"$(DEVELOPER_FRAMEWORKS_DIR)",
				);
				GCC_PRECOMPILE_PREFIX_HEADER = YES;
				GCC_PREFIX_HEADER = "MTLManagedObjectAdapterTests/MTLManagedObjectAdapterTests-Prefix.pch";
				HEADER_SEARCH_PATHS = (
					MTLManagedObjectAdapterTests/specta/src,
					"MTLManagedObjectAdapterTests/expecta/src/**",
				);
				INFOPLIST_FILE = "MTLManagedObjectAdapterTests/MTLManagedObjectAdapterTests-Info.plist";
				LIBRARY_SEARCH_PATHS = (
					"$(inherited)",
					"$(PROJECT_DIR)/MTLManagedObjectAdapterTests/expecta/build/Debug-iphoneos",
					"$(PROJECT_DIR)/MTLManagedObjectAdapterTests/specta/build/Debug-iphoneos",
					"$(PROJECT_DIR)/MTLManagedObjectAdapterTests/specta/build/Test-iphoneos",
				);
				OTHER_LDFLAGS = "-ObjC";
				PRODUCT_NAME = "$(TARGET_NAME)";
				SDKROOT = iphoneos;
				VALIDATE_PRODUCT = YES;
				VALID_ARCHS = "armv7 armv7s arm64 x86_64";
				WRAPPER_EXTENSION = xctest;
			};
			name = Profile;
		};
		5470B5A71985155E00E4D941 /* Profile */ = {
			isa = XCBuildConfiguration;
			baseConfigurationReference = 5470B59A198514F700E4D941 /* Mac-StaticLibrary.xcconfig */;
			buildSettings = {
				DSTROOT = /tmp/MTLManagedObjectAdapter_Mac.dst;
				GCC_PRECOMPILE_PREFIX_HEADER = YES;
				GCC_PREFIX_HEADER = "MTLManagedObjectAdapter/MTLManagedObjectAdapter-Prefix.pch";
				IPHONEOS_DEPLOYMENT_TARGET = 7.1;
				OTHER_LDFLAGS = "-ObjC";
				PRODUCT_NAME = "$(TARGET_NAME)";
				SKIP_INSTALL = YES;
				VALIDATE_PRODUCT = YES;
			};
			name = Profile;
		};
/* End XCBuildConfiguration section */

/* Begin XCConfigurationList section */
		5470B5011985122200E4D941 /* Build configuration list for PBXProject "MTLManagedObjectAdapter" */ = {
			isa = XCConfigurationList;
			buildConfigurations = (
				5470B52D1985122300E4D941 /* Debug */,
				5470B59C1985153C00E4D941 /* Test */,
				5470B52E1985122300E4D941 /* Release */,
				5470B5A21985155E00E4D941 /* Profile */,
			);
			defaultConfigurationIsVisible = 0;
			defaultConfigurationName = Release;
		};
		5470B52F1985122300E4D941 /* Build configuration list for PBXNativeTarget "MTLManagedObjectAdapter" */ = {
			isa = XCConfigurationList;
			buildConfigurations = (
				5470B5301985122300E4D941 /* Debug */,
				5470B59D1985153C00E4D941 /* Test */,
				5470B5311985122300E4D941 /* Release */,
				5470B5A31985155E00E4D941 /* Profile */,
			);
			defaultConfigurationIsVisible = 0;
			defaultConfigurationName = Release;
		};
		5470B5321985122300E4D941 /* Build configuration list for PBXNativeTarget "MTLManagedObjectAdapterTests" */ = {
			isa = XCConfigurationList;
			buildConfigurations = (
				5470B5331985122300E4D941 /* Debug */,
				5470B59E1985153C00E4D941 /* Test */,
				5470B5341985122300E4D941 /* Release */,
				5470B5A41985155E00E4D941 /* Profile */,
			);
			defaultConfigurationIsVisible = 0;
			defaultConfigurationName = Release;
		};
		5470B5571985123F00E4D941 /* Build configuration list for PBXNativeTarget "MTLManagedObjectAdapter-iOS" */ = {
			isa = XCConfigurationList;
			buildConfigurations = (
				5470B5581985123F00E4D941 /* Debug */,
				5470B59F1985153C00E4D941 /* Test */,
				5470B5591985123F00E4D941 /* Release */,
				5470B5A51985155E00E4D941 /* Profile */,
			);
			defaultConfigurationIsVisible = 0;
			defaultConfigurationName = Release;
		};
		5470B55A1985123F00E4D941 /* Build configuration list for PBXNativeTarget "MTLManagedObjectAdapter-iOSTests" */ = {
			isa = XCConfigurationList;
			buildConfigurations = (
				5470B55B1985123F00E4D941 /* Debug */,
				5470B5A01985153C00E4D941 /* Test */,
				5470B55C1985123F00E4D941 /* Release */,
				5470B5A61985155E00E4D941 /* Profile */,
			);
			defaultConfigurationIsVisible = 0;
			defaultConfigurationName = Release;
		};
		5470B57D1985124800E4D941 /* Build configuration list for PBXNativeTarget "MTLManagedObjectAdapter-Mac" */ = {
			isa = XCConfigurationList;
			buildConfigurations = (
				5470B57E1985124800E4D941 /* Debug */,
				5470B5A11985153C00E4D941 /* Test */,
				5470B57F1985124800E4D941 /* Release */,
				5470B5A71985155E00E4D941 /* Profile */,
			);
			defaultConfigurationIsVisible = 0;
			defaultConfigurationName = Release;
		};
/* End XCConfigurationList section */

/* Begin XCVersionGroup section */
		5470B5D91985209E00E4D941 /* TestModel.xcdatamodeld */ = {
			isa = XCVersionGroup;
			children = (
				5470B5DA1985209E00E4D941 /* TestModel.xcdatamodel */,
			);
			currentVersion = 5470B5DA1985209E00E4D941 /* TestModel.xcdatamodel */;
			path = TestModel.xcdatamodeld;
			sourceTree = "<group>";
			versionGroupType = wrapper.xcdatamodel;
		};
/* End XCVersionGroup section */
	};
	rootObject = 5470B4FE1985122200E4D941 /* Project object */;
}
