// !$*UTF8*$!
{
	archiveVersion = 1;
	classes = {
	};
	objectVersion = 46;
	objects = {

/* Begin PBXBuildFile section */
		5470B5191985122200E4D941 /* MTLManagedObjectAdapter.m in Sources */ = {isa = PBXBuildFile; fileRef = 5470B5181985122200E4D941 /* MTLManagedObjectAdapter.m */; };
		5470B5201985122200E4D941 /* XCTest.framework in Frameworks */ = {isa = PBXBuildFile; fileRef = 5470B51F1985122200E4D941 /* XCTest.framework */; };
		5470B5241985122200E4D941 /* MTLManagedObjectAdapter.framework in Frameworks */ = {isa = PBXBuildFile; fileRef = 5470B5071985122200E4D941 /* MTLManagedObjectAdapter.framework */; };
		5470B52C1985122300E4D941 /* MTLManagedObjectAdapterSpec.m in Sources */ = {isa = PBXBuildFile; fileRef = 5470B52B1985122300E4D941 /* MTLManagedObjectAdapterSpec.m */; };
		5470B583198512AE00E4D941 /* MTLManagedObjectAdapter.h in Headers */ = {isa = PBXBuildFile; fileRef = 5470B5171985122200E4D941 /* MTLManagedObjectAdapter.h */; settings = {ATTRIBUTES = (Public, ); }; };
		5470B5C619851F3900E4D941 /* EXTKeyPathCoding.h in Headers */ = {isa = PBXBuildFile; fileRef = 5470B5C019851F3900E4D941 /* EXTKeyPathCoding.h */; };
		5470B5C719851F3900E4D941 /* EXTRuntimeExtensions.h in Headers */ = {isa = PBXBuildFile; fileRef = 5470B5C119851F3900E4D941 /* EXTRuntimeExtensions.h */; };
		5470B5C819851F3900E4D941 /* EXTRuntimeExtensions.m in Sources */ = {isa = PBXBuildFile; fileRef = 5470B5C219851F3900E4D941 /* EXTRuntimeExtensions.m */; };
		5470B5CB19851F3900E4D941 /* EXTScope.h in Headers */ = {isa = PBXBuildFile; fileRef = 5470B5C319851F3900E4D941 /* EXTScope.h */; };
		5470B5CC19851F3900E4D941 /* EXTScope.m in Sources */ = {isa = PBXBuildFile; fileRef = 5470B5C419851F3900E4D941 /* EXTScope.m */; };
		5470B5CF19851F3900E4D941 /* metamacros.h in Headers */ = {isa = PBXBuildFile; fileRef = 5470B5C519851F3900E4D941 /* metamacros.h */; };
		5470B5D51985208C00E4D941 /* MTLCoreDataObjects.m in Sources */ = {isa = PBXBuildFile; fileRef = 5470B5D21985208C00E4D941 /* MTLCoreDataObjects.m */; };
		5470B5D71985208C00E4D941 /* MTLCoreDataTestModels.m in Sources */ = {isa = PBXBuildFile; fileRef = 5470B5D41985208C00E4D941 /* MTLCoreDataTestModels.m */; };
		5470B5DB1985209E00E4D941 /* TestModel.xcdatamodeld in Sources */ = {isa = PBXBuildFile; fileRef = 5470B5D91985209E00E4D941 /* TestModel.xcdatamodeld */; };
		5470B5DF198520CB00E4D941 /* CoreData.framework in Frameworks */ = {isa = PBXBuildFile; fileRef = 5470B50E1985122200E4D941 /* CoreData.framework */; };
		D0EB703F1AB744E400BBB455 /* MTLManagedObjectAdapter.framework in Frameworks */ = {isa = PBXBuildFile; fileRef = D0EB70341AB744E400BBB455 /* MTLManagedObjectAdapter.framework */; };
		D0EB70521AB7479700BBB455 /* MTLManagedObjectAdapter.h in Headers */ = {isa = PBXBuildFile; fileRef = 5470B5171985122200E4D941 /* MTLManagedObjectAdapter.h */; settings = {ATTRIBUTES = (Public, ); }; };
		D0EB70531AB7479700BBB455 /* MTLManagedObjectAdapter.m in Sources */ = {isa = PBXBuildFile; fileRef = 5470B5181985122200E4D941 /* MTLManagedObjectAdapter.m */; };
		D0EB70541AB747AC00BBB455 /* MTLCoreDataObjects.m in Sources */ = {isa = PBXBuildFile; fileRef = 5470B5D21985208C00E4D941 /* MTLCoreDataObjects.m */; };
		D0EB70551AB747AC00BBB455 /* MTLCoreDataTestModels.m in Sources */ = {isa = PBXBuildFile; fileRef = 5470B5D41985208C00E4D941 /* MTLCoreDataTestModels.m */; };
		D0EB70561AB747B100BBB455 /* TestModel.xcdatamodeld in Sources */ = {isa = PBXBuildFile; fileRef = 5470B5D91985209E00E4D941 /* TestModel.xcdatamodeld */; };
		D0EB705A1AB747E300BBB455 /* CoreData.framework in Frameworks */ = {isa = PBXBuildFile; fileRef = D0EB70591AB747E300BBB455 /* CoreData.framework */; };
		D0EB705B1AB747EA00BBB455 /* CoreData.framework in Frameworks */ = {isa = PBXBuildFile; fileRef = 5470B50E1985122200E4D941 /* CoreData.framework */; };
		D0EB705C1AB747F000BBB455 /* CoreData.framework in Frameworks */ = {isa = PBXBuildFile; fileRef = D0EB70591AB747E300BBB455 /* CoreData.framework */; };
/* End PBXBuildFile section */

/* Begin PBXContainerItemProxy section */
		5470B5221985122200E4D941 /* PBXContainerItemProxy */ = {
			isa = PBXContainerItemProxy;
			containerPortal = 5470B4FE1985122200E4D941 /* Project object */;
			proxyType = 1;
			remoteGlobalIDString = 5470B5061985122200E4D941;
			remoteInfo = MTLManagedObjectAdapter;
		};
		D0EB70401AB744E400BBB455 /* PBXContainerItemProxy */ = {
			isa = PBXContainerItemProxy;
			containerPortal = 5470B4FE1985122200E4D941 /* Project object */;
			proxyType = 1;
			remoteGlobalIDString = D0EB70331AB744E400BBB455;
			remoteInfo = MTLManagedObjectAdapter;
		};
/* End PBXContainerItemProxy section */

/* Begin PBXFileReference section */
		5470B5071985122200E4D941 /* MTLManagedObjectAdapter.framework */ = {isa = PBXFileReference; explicitFileType = wrapper.framework; includeInIndex = 0; path = MTLManagedObjectAdapter.framework; sourceTree = BUILT_PRODUCTS_DIR; };
		5470B50D1985122200E4D941 /* Foundation.framework */ = {isa = PBXFileReference; lastKnownFileType = wrapper.framework; name = Foundation.framework; path = System/Library/Frameworks/Foundation.framework; sourceTree = SDKROOT; };
		5470B50E1985122200E4D941 /* CoreData.framework */ = {isa = PBXFileReference; lastKnownFileType = wrapper.framework; name = CoreData.framework; path = System/Library/Frameworks/CoreData.framework; sourceTree = SDKROOT; };
		5470B50F1985122200E4D941 /* AppKit.framework */ = {isa = PBXFileReference; lastKnownFileType = wrapper.framework; name = AppKit.framework; path = System/Library/Frameworks/AppKit.framework; sourceTree = SDKROOT; };
		5470B5171985122200E4D941 /* MTLManagedObjectAdapter.h */ = {isa = PBXFileReference; lastKnownFileType = sourcecode.c.h; path = MTLManagedObjectAdapter.h; sourceTree = "<group>"; };
		5470B5181985122200E4D941 /* MTLManagedObjectAdapter.m */ = {isa = PBXFileReference; lastKnownFileType = sourcecode.c.objc; path = MTLManagedObjectAdapter.m; sourceTree = "<group>"; };
		5470B51E1985122200E4D941 /* MTLManagedObjectAdapter-MacTests.xctest */ = {isa = PBXFileReference; explicitFileType = wrapper.cfbundle; includeInIndex = 0; path = "MTLManagedObjectAdapter-MacTests.xctest"; sourceTree = BUILT_PRODUCTS_DIR; };
		5470B51F1985122200E4D941 /* XCTest.framework */ = {isa = PBXFileReference; lastKnownFileType = wrapper.framework; name = XCTest.framework; path = Library/Frameworks/XCTest.framework; sourceTree = DEVELOPER_DIR; };
		5470B52B1985122300E4D941 /* MTLManagedObjectAdapterSpec.m */ = {isa = PBXFileReference; lastKnownFileType = sourcecode.c.objc; path = MTLManagedObjectAdapterSpec.m; sourceTree = "<group>"; };
		5470B53A1985123E00E4D941 /* Foundation.framework */ = {isa = PBXFileReference; lastKnownFileType = wrapper.framework; name = Foundation.framework; path = System/Library/Frameworks/Foundation.framework; sourceTree = SDKROOT; };
		5470B588198514F700E4D941 /* Common.xcconfig */ = {isa = PBXFileReference; lastKnownFileType = text.xcconfig; path = Common.xcconfig; sourceTree = "<group>"; };
		5470B58A198514F700E4D941 /* Debug.xcconfig */ = {isa = PBXFileReference; lastKnownFileType = text.xcconfig; path = Debug.xcconfig; sourceTree = "<group>"; };
		5470B58B198514F700E4D941 /* Profile.xcconfig */ = {isa = PBXFileReference; lastKnownFileType = text.xcconfig; path = Profile.xcconfig; sourceTree = "<group>"; };
		5470B58C198514F700E4D941 /* Release.xcconfig */ = {isa = PBXFileReference; lastKnownFileType = text.xcconfig; path = Release.xcconfig; sourceTree = "<group>"; };
		5470B58D198514F700E4D941 /* Test.xcconfig */ = {isa = PBXFileReference; lastKnownFileType = text.xcconfig; path = Test.xcconfig; sourceTree = "<group>"; };
		5470B58F198514F700E4D941 /* Application.xcconfig */ = {isa = PBXFileReference; lastKnownFileType = text.xcconfig; path = Application.xcconfig; sourceTree = "<group>"; };
		5470B590198514F700E4D941 /* StaticLibrary.xcconfig */ = {isa = PBXFileReference; lastKnownFileType = text.xcconfig; path = StaticLibrary.xcconfig; sourceTree = "<group>"; };
		5470B592198514F700E4D941 /* iOS-Application.xcconfig */ = {isa = PBXFileReference; lastKnownFileType = text.xcconfig; path = "iOS-Application.xcconfig"; sourceTree = "<group>"; };
		5470B593198514F700E4D941 /* iOS-Base.xcconfig */ = {isa = PBXFileReference; lastKnownFileType = text.xcconfig; path = "iOS-Base.xcconfig"; sourceTree = "<group>"; };
		5470B594198514F700E4D941 /* iOS-StaticLibrary.xcconfig */ = {isa = PBXFileReference; lastKnownFileType = text.xcconfig; path = "iOS-StaticLibrary.xcconfig"; sourceTree = "<group>"; };
		5470B596198514F700E4D941 /* Mac-Application.xcconfig */ = {isa = PBXFileReference; lastKnownFileType = text.xcconfig; path = "Mac-Application.xcconfig"; sourceTree = "<group>"; };
		5470B597198514F700E4D941 /* Mac-Base.xcconfig */ = {isa = PBXFileReference; lastKnownFileType = text.xcconfig; path = "Mac-Base.xcconfig"; sourceTree = "<group>"; };
		5470B598198514F700E4D941 /* Mac-DynamicLibrary.xcconfig */ = {isa = PBXFileReference; lastKnownFileType = text.xcconfig; path = "Mac-DynamicLibrary.xcconfig"; sourceTree = "<group>"; };
		5470B599198514F700E4D941 /* Mac-Framework.xcconfig */ = {isa = PBXFileReference; lastKnownFileType = text.xcconfig; path = "Mac-Framework.xcconfig"; sourceTree = "<group>"; };
		5470B59A198514F700E4D941 /* Mac-StaticLibrary.xcconfig */ = {isa = PBXFileReference; lastKnownFileType = text.xcconfig; path = "Mac-StaticLibrary.xcconfig"; sourceTree = "<group>"; };
		5470B59B198514F700E4D941 /* README.md */ = {isa = PBXFileReference; lastKnownFileType = text; path = README.md; sourceTree = "<group>"; };
		5470B5C019851F3900E4D941 /* EXTKeyPathCoding.h */ = {isa = PBXFileReference; fileEncoding = 4; lastKnownFileType = sourcecode.c.h; path = EXTKeyPathCoding.h; sourceTree = "<group>"; };
		5470B5C119851F3900E4D941 /* EXTRuntimeExtensions.h */ = {isa = PBXFileReference; fileEncoding = 4; lastKnownFileType = sourcecode.c.h; path = EXTRuntimeExtensions.h; sourceTree = "<group>"; };
		5470B5C219851F3900E4D941 /* EXTRuntimeExtensions.m */ = {isa = PBXFileReference; fileEncoding = 4; lastKnownFileType = sourcecode.c.objc; path = EXTRuntimeExtensions.m; sourceTree = "<group>"; };
		5470B5C319851F3900E4D941 /* EXTScope.h */ = {isa = PBXFileReference; fileEncoding = 4; lastKnownFileType = sourcecode.c.h; path = EXTScope.h; sourceTree = "<group>"; };
		5470B5C419851F3900E4D941 /* EXTScope.m */ = {isa = PBXFileReference; fileEncoding = 4; lastKnownFileType = sourcecode.c.objc; path = EXTScope.m; sourceTree = "<group>"; };
		5470B5C519851F3900E4D941 /* metamacros.h */ = {isa = PBXFileReference; fileEncoding = 4; lastKnownFileType = sourcecode.c.h; path = metamacros.h; sourceTree = "<group>"; };
		5470B5D11985208C00E4D941 /* MTLCoreDataObjects.h */ = {isa = PBXFileReference; fileEncoding = 4; lastKnownFileType = sourcecode.c.h; path = MTLCoreDataObjects.h; sourceTree = "<group>"; };
		5470B5D21985208C00E4D941 /* MTLCoreDataObjects.m */ = {isa = PBXFileReference; fileEncoding = 4; lastKnownFileType = sourcecode.c.objc; path = MTLCoreDataObjects.m; sourceTree = "<group>"; };
		5470B5D31985208C00E4D941 /* MTLCoreDataTestModels.h */ = {isa = PBXFileReference; fileEncoding = 4; lastKnownFileType = sourcecode.c.h; path = MTLCoreDataTestModels.h; sourceTree = "<group>"; };
		5470B5D41985208C00E4D941 /* MTLCoreDataTestModels.m */ = {isa = PBXFileReference; fileEncoding = 4; lastKnownFileType = sourcecode.c.objc; path = MTLCoreDataTestModels.m; sourceTree = "<group>"; };
		5470B5DA1985209E00E4D941 /* TestModel.xcdatamodel */ = {isa = PBXFileReference; lastKnownFileType = wrapper.xcdatamodel; path = TestModel.xcdatamodel; sourceTree = "<group>"; };
		D0EB70341AB744E400BBB455 /* MTLManagedObjectAdapter.framework */ = {isa = PBXFileReference; explicitFileType = wrapper.framework; includeInIndex = 0; path = MTLManagedObjectAdapter.framework; sourceTree = BUILT_PRODUCTS_DIR; };
		D0EB703E1AB744E400BBB455 /* MTLManagedObjectAdapter-iOSTests.xctest */ = {isa = PBXFileReference; explicitFileType = wrapper.cfbundle; includeInIndex = 0; path = "MTLManagedObjectAdapter-iOSTests.xctest"; sourceTree = BUILT_PRODUCTS_DIR; };
		D0EB70511AB7450800BBB455 /* iOS-Framework.xcconfig */ = {isa = PBXFileReference; lastKnownFileType = text.xcconfig; path = "iOS-Framework.xcconfig"; sourceTree = "<group>"; };
		D0EB70571AB747BE00BBB455 /* Info.plist */ = {isa = PBXFileReference; lastKnownFileType = text.plist.xml; path = Info.plist; sourceTree = "<group>"; };
		D0EB70581AB747C300BBB455 /* Info.plist */ = {isa = PBXFileReference; lastKnownFileType = text.plist.xml; path = Info.plist; sourceTree = "<group>"; };
		D0EB70591AB747E300BBB455 /* CoreData.framework */ = {isa = PBXFileReference; lastKnownFileType = wrapper.framework; name = CoreData.framework; path = Platforms/iPhoneOS.platform/Developer/SDKs/iPhoneOS8.1.sdk/System/Library/Frameworks/CoreData.framework; sourceTree = DEVELOPER_DIR; };
/* End PBXFileReference section */

/* Begin PBXFrameworksBuildPhase section */
		5470B5031985122200E4D941 /* Frameworks */ = {
			isa = PBXFrameworksBuildPhase;
			buildActionMask = 2147483647;
			files = (
				D0EB705B1AB747EA00BBB455 /* CoreData.framework in Frameworks */,
			);
			runOnlyForDeploymentPostprocessing = 0;
		};
		5470B51B1985122200E4D941 /* Frameworks */ = {
			isa = PBXFrameworksBuildPhase;
			buildActionMask = 2147483647;
			files = (
				5470B5DF198520CB00E4D941 /* CoreData.framework in Frameworks */,
				5470B5201985122200E4D941 /* XCTest.framework in Frameworks */,
				5470B5241985122200E4D941 /* MTLManagedObjectAdapter.framework in Frameworks */,
			);
			runOnlyForDeploymentPostprocessing = 0;
		};
		D0EB70301AB744E400BBB455 /* Frameworks */ = {
			isa = PBXFrameworksBuildPhase;
			buildActionMask = 2147483647;
			files = (
				D0EB705A1AB747E300BBB455 /* CoreData.framework in Frameworks */,
			);
			runOnlyForDeploymentPostprocessing = 0;
		};
		D0EB703B1AB744E400BBB455 /* Frameworks */ = {
			isa = PBXFrameworksBuildPhase;
			buildActionMask = 2147483647;
			files = (
				D0EB703F1AB744E400BBB455 /* MTLManagedObjectAdapter.framework in Frameworks */,
				D0EB705C1AB747F000BBB455 /* CoreData.framework in Frameworks */,
			);
			runOnlyForDeploymentPostprocessing = 0;
		};
/* End PBXFrameworksBuildPhase section */

/* Begin PBXGroup section */
		5470B4FD1985122200E4D941 = {
			isa = PBXGroup;
			children = (
				5470B5101985122200E4D941 /* MTLManagedObjectAdapter */,
				5470B5251985122200E4D941 /* MTLManagedObjectAdapterTests */,
				5470B5091985122200E4D941 /* Frameworks */,
				5470B586198514F700E4D941 /* Configuration */,
				5470B5081985122200E4D941 /* Products */,
			);
			sourceTree = "<group>";
			usesTabs = 1;
		};
		5470B5081985122200E4D941 /* Products */ = {
			isa = PBXGroup;
			children = (
				5470B5071985122200E4D941 /* MTLManagedObjectAdapter.framework */,
				5470B51E1985122200E4D941 /* MTLManagedObjectAdapter-MacTests.xctest */,
				D0EB70341AB744E400BBB455 /* MTLManagedObjectAdapter.framework */,
				D0EB703E1AB744E400BBB455 /* MTLManagedObjectAdapter-iOSTests.xctest */,
			);
			name = Products;
			sourceTree = "<group>";
		};
		5470B5091985122200E4D941 /* Frameworks */ = {
			isa = PBXGroup;
			children = (
				D0EB70591AB747E300BBB455 /* CoreData.framework */,
				5470B5BF19851F3900E4D941 /* libextobjc */,
				5470B53A1985123E00E4D941 /* Foundation.framework */,
				5470B51F1985122200E4D941 /* XCTest.framework */,
				5470B50C1985122200E4D941 /* Other Frameworks */,
			);
			name = Frameworks;
			sourceTree = "<group>";
		};
		5470B50C1985122200E4D941 /* Other Frameworks */ = {
			isa = PBXGroup;
			children = (
				5470B50D1985122200E4D941 /* Foundation.framework */,
				5470B50E1985122200E4D941 /* CoreData.framework */,
				5470B50F1985122200E4D941 /* AppKit.framework */,
			);
			name = "Other Frameworks";
			sourceTree = "<group>";
		};
		5470B5101985122200E4D941 /* MTLManagedObjectAdapter */ = {
			isa = PBXGroup;
			children = (
				5470B5171985122200E4D941 /* MTLManagedObjectAdapter.h */,
				5470B5181985122200E4D941 /* MTLManagedObjectAdapter.m */,
				5470B5111985122200E4D941 /* Supporting Files */,
			);
			path = MTLManagedObjectAdapter;
			sourceTree = "<group>";
		};
		5470B5111985122200E4D941 /* Supporting Files */ = {
			isa = PBXGroup;
			children = (
				D0EB70581AB747C300BBB455 /* Info.plist */,
			);
			name = "Supporting Files";
			sourceTree = "<group>";
		};
		5470B5251985122200E4D941 /* MTLManagedObjectAdapterTests */ = {
			isa = PBXGroup;
			children = (
				5470B5D01985202F00E4D941 /* Specs */,
				5470B5261985122200E4D941 /* Supporting Files */,
			);
			path = MTLManagedObjectAdapterTests;
			sourceTree = "<group>";
		};
		5470B5261985122200E4D941 /* Supporting Files */ = {
			isa = PBXGroup;
			children = (
				D0EB70571AB747BE00BBB455 /* Info.plist */,
				5470B5D11985208C00E4D941 /* MTLCoreDataObjects.h */,
				5470B5D21985208C00E4D941 /* MTLCoreDataObjects.m */,
				5470B5D31985208C00E4D941 /* MTLCoreDataTestModels.h */,
				5470B5D41985208C00E4D941 /* MTLCoreDataTestModels.m */,
				5470B5D91985209E00E4D941 /* TestModel.xcdatamodeld */,
			);
			name = "Supporting Files";
			sourceTree = "<group>";
		};
		5470B586198514F700E4D941 /* Configuration */ = {
			isa = PBXGroup;
			children = (
				5470B587198514F700E4D941 /* Base */,
				5470B591198514F700E4D941 /* iOS */,
				5470B595198514F700E4D941 /* Mac OS X */,
				5470B59B198514F700E4D941 /* README.md */,
			);
			name = Configuration;
			path = Carthage/Checkouts/xcconfigs;
			sourceTree = "<group>";
		};
		5470B587198514F700E4D941 /* Base */ = {
			isa = PBXGroup;
			children = (
				5470B588198514F700E4D941 /* Common.xcconfig */,
				5470B589198514F700E4D941 /* Configurations */,
				5470B58E198514F700E4D941 /* Targets */,
			);
			path = Base;
			sourceTree = "<group>";
		};
		5470B589198514F700E4D941 /* Configurations */ = {
			isa = PBXGroup;
			children = (
				5470B58A198514F700E4D941 /* Debug.xcconfig */,
				5470B58B198514F700E4D941 /* Profile.xcconfig */,
				5470B58C198514F700E4D941 /* Release.xcconfig */,
				5470B58D198514F700E4D941 /* Test.xcconfig */,
			);
			path = Configurations;
			sourceTree = "<group>";
		};
		5470B58E198514F700E4D941 /* Targets */ = {
			isa = PBXGroup;
			children = (
				5470B58F198514F700E4D941 /* Application.xcconfig */,
				5470B590198514F700E4D941 /* StaticLibrary.xcconfig */,
			);
			path = Targets;
			sourceTree = "<group>";
		};
		5470B591198514F700E4D941 /* iOS */ = {
			isa = PBXGroup;
			children = (
				5470B592198514F700E4D941 /* iOS-Application.xcconfig */,
				5470B593198514F700E4D941 /* iOS-Base.xcconfig */,
				D0EB70511AB7450800BBB455 /* iOS-Framework.xcconfig */,
				5470B594198514F700E4D941 /* iOS-StaticLibrary.xcconfig */,
			);
			path = iOS;
			sourceTree = "<group>";
		};
		5470B595198514F700E4D941 /* Mac OS X */ = {
			isa = PBXGroup;
			children = (
				5470B596198514F700E4D941 /* Mac-Application.xcconfig */,
				5470B597198514F700E4D941 /* Mac-Base.xcconfig */,
				5470B598198514F700E4D941 /* Mac-DynamicLibrary.xcconfig */,
				5470B599198514F700E4D941 /* Mac-Framework.xcconfig */,
				5470B59A198514F700E4D941 /* Mac-StaticLibrary.xcconfig */,
			);
			path = "Mac OS X";
			sourceTree = "<group>";
		};
		5470B5BF19851F3900E4D941 /* libextobjc */ = {
			isa = PBXGroup;
			children = (
				5470B5C019851F3900E4D941 /* EXTKeyPathCoding.h */,
				5470B5C119851F3900E4D941 /* EXTRuntimeExtensions.h */,
				5470B5C219851F3900E4D941 /* EXTRuntimeExtensions.m */,
				5470B5C319851F3900E4D941 /* EXTScope.h */,
				5470B5C419851F3900E4D941 /* EXTScope.m */,
				5470B5C519851F3900E4D941 /* metamacros.h */,
			);
			name = libextobjc;
			path = MTLManagedObjectAdapter/extobjc;
			sourceTree = "<group>";
		};
		5470B5D01985202F00E4D941 /* Specs */ = {
			isa = PBXGroup;
			children = (
				5470B52B1985122300E4D941 /* MTLManagedObjectAdapterSpec.m */,
			);
			name = Specs;
			sourceTree = "<group>";
		};
/* End PBXGroup section */

/* Begin PBXHeadersBuildPhase section */
		5470B5041985122200E4D941 /* Headers */ = {
			isa = PBXHeadersBuildPhase;
			buildActionMask = 2147483647;
			files = (
				5470B5C719851F3900E4D941 /* EXTRuntimeExtensions.h in Headers */,
				5470B583198512AE00E4D941 /* MTLManagedObjectAdapter.h in Headers */,
				5470B5C619851F3900E4D941 /* EXTKeyPathCoding.h in Headers */,
				5470B5CF19851F3900E4D941 /* metamacros.h in Headers */,
				5470B5CB19851F3900E4D941 /* EXTScope.h in Headers */,
			);
			runOnlyForDeploymentPostprocessing = 0;
		};
		D0EB70311AB744E400BBB455 /* Headers */ = {
			isa = PBXHeadersBuildPhase;
			buildActionMask = 2147483647;
			files = (
				D0EB70521AB7479700BBB455 /* MTLManagedObjectAdapter.h in Headers */,
			);
			runOnlyForDeploymentPostprocessing = 0;
		};
/* End PBXHeadersBuildPhase section */

/* Begin PBXNativeTarget section */
		5470B5061985122200E4D941 /* MTLManagedObjectAdapter-Mac */ = {
			isa = PBXNativeTarget;
			buildConfigurationList = 5470B52F1985122300E4D941 /* Build configuration list for PBXNativeTarget "MTLManagedObjectAdapter-Mac" */;
			buildPhases = (
				5470B5021985122200E4D941 /* Sources */,
				5470B5031985122200E4D941 /* Frameworks */,
				5470B5041985122200E4D941 /* Headers */,
				5470B5051985122200E4D941 /* Resources */,
			);
			buildRules = (
			);
			dependencies = (
			);
			name = "MTLManagedObjectAdapter-Mac";
			productName = MTLManagedObjectAdapter;
			productReference = 5470B5071985122200E4D941 /* MTLManagedObjectAdapter.framework */;
			productType = "com.apple.product-type.framework";
		};
		5470B51D1985122200E4D941 /* MTLManagedObjectAdapter-MacTests */ = {
			isa = PBXNativeTarget;
			buildConfigurationList = 5470B5321985122300E4D941 /* Build configuration list for PBXNativeTarget "MTLManagedObjectAdapter-MacTests" */;
			buildPhases = (
				5470B51A1985122200E4D941 /* Sources */,
				5470B51B1985122200E4D941 /* Frameworks */,
				5470B51C1985122200E4D941 /* Resources */,
			);
			buildRules = (
			);
			dependencies = (
				5470B5231985122200E4D941 /* PBXTargetDependency */,
			);
			name = "MTLManagedObjectAdapter-MacTests";
			productName = MTLManagedObjectAdapterTests;
			productReference = 5470B51E1985122200E4D941 /* MTLManagedObjectAdapter-MacTests.xctest */;
			productType = "com.apple.product-type.bundle.unit-test";
		};
		D0EB70331AB744E400BBB455 /* MTLManagedObjectAdapter-iOS */ = {
			isa = PBXNativeTarget;
			buildConfigurationList = D0EB70471AB744E400BBB455 /* Build configuration list for PBXNativeTarget "MTLManagedObjectAdapter-iOS" */;
			buildPhases = (
				D0EB702F1AB744E400BBB455 /* Sources */,
				D0EB70301AB744E400BBB455 /* Frameworks */,
				D0EB70311AB744E400BBB455 /* Headers */,
				D0EB70321AB744E400BBB455 /* Resources */,
			);
			buildRules = (
			);
			dependencies = (
			);
			name = "MTLManagedObjectAdapter-iOS";
			productName = MTLManagedObjectAdapter;
			productReference = D0EB70341AB744E400BBB455 /* MTLManagedObjectAdapter.framework */;
			productType = "com.apple.product-type.framework";
		};
		D0EB703D1AB744E400BBB455 /* MTLManagedObjectAdapter-iOSTests */ = {
			isa = PBXNativeTarget;
			buildConfigurationList = D0EB704C1AB744E400BBB455 /* Build configuration list for PBXNativeTarget "MTLManagedObjectAdapter-iOSTests" */;
			buildPhases = (
				D0EB703A1AB744E400BBB455 /* Sources */,
				D0EB703B1AB744E400BBB455 /* Frameworks */,
				D0EB703C1AB744E400BBB455 /* Resources */,
			);
			buildRules = (
			);
			dependencies = (
				D0EB70411AB744E400BBB455 /* PBXTargetDependency */,
			);
			name = "MTLManagedObjectAdapter-iOSTests";
			productName = MTLManagedObjectAdapterTests;
			productReference = D0EB703E1AB744E400BBB455 /* MTLManagedObjectAdapter-iOSTests.xctest */;
			productType = "com.apple.product-type.bundle.unit-test";
		};
/* End PBXNativeTarget section */

/* Begin PBXProject section */
		5470B4FE1985122200E4D941 /* Project object */ = {
			isa = PBXProject;
			attributes = {
				LastUpgradeCheck = 0510;
				ORGANIZATIONNAME = GitHub;
				TargetAttributes = {
					5470B51D1985122200E4D941 = {
						TestTargetID = 5470B5061985122200E4D941;
					};
					D0EB70331AB744E400BBB455 = {
						CreatedOnToolsVersion = 6.1.1;
					};
					D0EB703D1AB744E400BBB455 = {
						CreatedOnToolsVersion = 6.1.1;
					};
				};
			};
			buildConfigurationList = 5470B5011985122200E4D941 /* Build configuration list for PBXProject "MTLManagedObjectAdapter" */;
			compatibilityVersion = "Xcode 3.2";
			developmentRegion = English;
			hasScannedForEncodings = 0;
			knownRegions = (
				en,
			);
			mainGroup = 5470B4FD1985122200E4D941;
			productRefGroup = 5470B5081985122200E4D941 /* Products */;
			projectDirPath = "";
			projectRoot = "";
			targets = (
				5470B5061985122200E4D941 /* MTLManagedObjectAdapter-Mac */,
				5470B51D1985122200E4D941 /* MTLManagedObjectAdapter-MacTests */,
				D0EB70331AB744E400BBB455 /* MTLManagedObjectAdapter-iOS */,
				D0EB703D1AB744E400BBB455 /* MTLManagedObjectAdapter-iOSTests */,
			);
		};
/* End PBXProject section */

/* Begin PBXResourcesBuildPhase section */
		5470B5051985122200E4D941 /* Resources */ = {
			isa = PBXResourcesBuildPhase;
			buildActionMask = 2147483647;
			files = (
			);
			runOnlyForDeploymentPostprocessing = 0;
		};
		5470B51C1985122200E4D941 /* Resources */ = {
			isa = PBXResourcesBuildPhase;
			buildActionMask = 2147483647;
			files = (
			);
			runOnlyForDeploymentPostprocessing = 0;
		};
		D0EB70321AB744E400BBB455 /* Resources */ = {
			isa = PBXResourcesBuildPhase;
			buildActionMask = 2147483647;
			files = (
			);
			runOnlyForDeploymentPostprocessing = 0;
		};
		D0EB703C1AB744E400BBB455 /* Resources */ = {
			isa = PBXResourcesBuildPhase;
			buildActionMask = 2147483647;
			files = (
			);
			runOnlyForDeploymentPostprocessing = 0;
		};
/* End PBXResourcesBuildPhase section */

/* Begin PBXSourcesBuildPhase section */
		5470B5021985122200E4D941 /* Sources */ = {
			isa = PBXSourcesBuildPhase;
			buildActionMask = 2147483647;
			files = (
				5470B5CC19851F3900E4D941 /* EXTScope.m in Sources */,
				5470B5C819851F3900E4D941 /* EXTRuntimeExtensions.m in Sources */,
				5470B5191985122200E4D941 /* MTLManagedObjectAdapter.m in Sources */,
			);
			runOnlyForDeploymentPostprocessing = 0;
		};
		5470B51A1985122200E4D941 /* Sources */ = {
			isa = PBXSourcesBuildPhase;
			buildActionMask = 2147483647;
			files = (
				5470B52C1985122300E4D941 /* MTLManagedObjectAdapterSpec.m in Sources */,
				5470B5D71985208C00E4D941 /* MTLCoreDataTestModels.m in Sources */,
				5470B5D51985208C00E4D941 /* MTLCoreDataObjects.m in Sources */,
				5470B5DB1985209E00E4D941 /* TestModel.xcdatamodeld in Sources */,
			);
			runOnlyForDeploymentPostprocessing = 0;
		};
		D0EB702F1AB744E400BBB455 /* Sources */ = {
			isa = PBXSourcesBuildPhase;
			buildActionMask = 2147483647;
			files = (
				D0EB70531AB7479700BBB455 /* MTLManagedObjectAdapter.m in Sources */,
			);
			runOnlyForDeploymentPostprocessing = 0;
		};
		D0EB703A1AB744E400BBB455 /* Sources */ = {
			isa = PBXSourcesBuildPhase;
			buildActionMask = 2147483647;
			files = (
				D0EB70561AB747B100BBB455 /* TestModel.xcdatamodeld in Sources */,
				D0EB70551AB747AC00BBB455 /* MTLCoreDataTestModels.m in Sources */,
				D0EB70541AB747AC00BBB455 /* MTLCoreDataObjects.m in Sources */,
			);
			runOnlyForDeploymentPostprocessing = 0;
		};
/* End PBXSourcesBuildPhase section */

/* Begin PBXTargetDependency section */
		5470B5231985122200E4D941 /* PBXTargetDependency */ = {
			isa = PBXTargetDependency;
			target = 5470B5061985122200E4D941 /* MTLManagedObjectAdapter-Mac */;
			targetProxy = 5470B5221985122200E4D941 /* PBXContainerItemProxy */;
		};
		D0EB70411AB744E400BBB455 /* PBXTargetDependency */ = {
			isa = PBXTargetDependency;
			target = D0EB70331AB744E400BBB455 /* MTLManagedObjectAdapter-iOS */;
			targetProxy = D0EB70401AB744E400BBB455 /* PBXContainerItemProxy */;
		};
/* End PBXTargetDependency section */

/* Begin XCBuildConfiguration section */
		5470B52D1985122300E4D941 /* Debug */ = {
			isa = XCBuildConfiguration;
			baseConfigurationReference = 5470B58A198514F700E4D941 /* Debug.xcconfig */;
			buildSettings = {
				IPHONEOS_DEPLOYMENT_TARGET = 8.0;
				MACOSX_DEPLOYMENT_TARGET = 10.8;
				PRODUCT_NAME = "$(PROJECT_NAME)";
				TARGETED_DEVICE_FAMILY = "1,2";
			};
			name = Debug;
		};
		5470B52E1985122300E4D941 /* Release */ = {
			isa = XCBuildConfiguration;
			baseConfigurationReference = 5470B58C198514F700E4D941 /* Release.xcconfig */;
			buildSettings = {
				IPHONEOS_DEPLOYMENT_TARGET = 8.0;
				MACOSX_DEPLOYMENT_TARGET = 10.8;
				PRODUCT_NAME = "$(PROJECT_NAME)";
				TARGETED_DEVICE_FAMILY = "1,2";
			};
			name = Release;
		};
		5470B5301985122300E4D941 /* Debug */ = {
			isa = XCBuildConfiguration;
			baseConfigurationReference = 5470B599198514F700E4D941 /* Mac-Framework.xcconfig */;
			buildSettings = {
				DYLIB_COMPATIBILITY_VERSION = 1;
				DYLIB_CURRENT_VERSION = 1;
				FRAMEWORK_VERSION = A;
				INFOPLIST_FILE = MTLManagedObjectAdapter/Info.plist;
				WRAPPER_EXTENSION = framework;
			};
			name = Debug;
		};
		5470B5311985122300E4D941 /* Release */ = {
			isa = XCBuildConfiguration;
			baseConfigurationReference = 5470B599198514F700E4D941 /* Mac-Framework.xcconfig */;
			buildSettings = {
				DYLIB_COMPATIBILITY_VERSION = 1;
				DYLIB_CURRENT_VERSION = 1;
				FRAMEWORK_VERSION = A;
				INFOPLIST_FILE = MTLManagedObjectAdapter/Info.plist;
				WRAPPER_EXTENSION = framework;
			};
			name = Release;
		};
		5470B5331985122300E4D941 /* Debug */ = {
			isa = XCBuildConfiguration;
			baseConfigurationReference = 5470B596198514F700E4D941 /* Mac-Application.xcconfig */;
			buildSettings = {
				BUNDLE_LOADER = "$(BUILT_PRODUCTS_DIR)/MTLManagedObjectAdapter.framework/Versions/A/MTLManagedObjectAdapter";
				FRAMEWORK_SEARCH_PATHS = (
					"$(DEVELOPER_FRAMEWORKS_DIR)",
					"$(inherited)",
				);
				INFOPLIST_FILE = MTLManagedObjectAdapterTests/Info.plist;
				OTHER_LDFLAGS = (
					"$(inherited)",
					"-framework",
					XCTest,
					"-ObjC",
				);
				PRODUCT_NAME = "$(TARGET_NAME)";
				WRAPPER_EXTENSION = xctest;
			};
			name = Debug;
		};
		5470B5341985122300E4D941 /* Release */ = {
			isa = XCBuildConfiguration;
			baseConfigurationReference = 5470B596198514F700E4D941 /* Mac-Application.xcconfig */;
			buildSettings = {
				BUNDLE_LOADER = "$(BUILT_PRODUCTS_DIR)/MTLManagedObjectAdapter.framework/Versions/A/MTLManagedObjectAdapter";
				FRAMEWORK_SEARCH_PATHS = (
					"$(DEVELOPER_FRAMEWORKS_DIR)",
					"$(inherited)",
				);
				INFOPLIST_FILE = MTLManagedObjectAdapterTests/Info.plist;
				OTHER_LDFLAGS = (
					"$(inherited)",
					"-framework",
					XCTest,
					"-ObjC",
				);
				PRODUCT_NAME = "$(TARGET_NAME)";
				WRAPPER_EXTENSION = xctest;
			};
			name = Release;
		};
		5470B59C1985153C00E4D941 /* Test */ = {
			isa = XCBuildConfiguration;
			baseConfigurationReference = 5470B58D198514F700E4D941 /* Test.xcconfig */;
			buildSettings = {
				IPHONEOS_DEPLOYMENT_TARGET = 8.0;
				MACOSX_DEPLOYMENT_TARGET = 10.8;
				PRODUCT_NAME = "$(PROJECT_NAME)";
				TARGETED_DEVICE_FAMILY = "1,2";
			};
			name = Test;
		};
		5470B59D1985153C00E4D941 /* Test */ = {
			isa = XCBuildConfiguration;
			baseConfigurationReference = 5470B599198514F700E4D941 /* Mac-Framework.xcconfig */;
			buildSettings = {
				DYLIB_COMPATIBILITY_VERSION = 1;
				DYLIB_CURRENT_VERSION = 1;
				FRAMEWORK_VERSION = A;
				INFOPLIST_FILE = MTLManagedObjectAdapter/Info.plist;
				WRAPPER_EXTENSION = framework;
			};
			name = Test;
		};
		5470B59E1985153C00E4D941 /* Test */ = {
			isa = XCBuildConfiguration;
			baseConfigurationReference = 5470B596198514F700E4D941 /* Mac-Application.xcconfig */;
			buildSettings = {
				BUNDLE_LOADER = "$(BUILT_PRODUCTS_DIR)/MTLManagedObjectAdapter.framework/Versions/A/MTLManagedObjectAdapter";
				FRAMEWORK_SEARCH_PATHS = (
					"$(DEVELOPER_FRAMEWORKS_DIR)",
					"$(inherited)",
				);
				INFOPLIST_FILE = MTLManagedObjectAdapterTests/Info.plist;
				OTHER_LDFLAGS = (
					"$(inherited)",
					"-framework",
					XCTest,
					"-ObjC",
				);
				PRODUCT_NAME = "$(TARGET_NAME)";
				WRAPPER_EXTENSION = xctest;
			};
			name = Test;
		};
		5470B5A21985155E00E4D941 /* Profile */ = {
			isa = XCBuildConfiguration;
			baseConfigurationReference = 5470B58B198514F700E4D941 /* Profile.xcconfig */;
			buildSettings = {
				IPHONEOS_DEPLOYMENT_TARGET = 8.0;
				MACOSX_DEPLOYMENT_TARGET = 10.8;
				PRODUCT_NAME = "$(PROJECT_NAME)";
				TARGETED_DEVICE_FAMILY = "1,2";
			};
			name = Profile;
		};
		5470B5A31985155E00E4D941 /* Profile */ = {
			isa = XCBuildConfiguration;
			baseConfigurationReference = 5470B599198514F700E4D941 /* Mac-Framework.xcconfig */;
			buildSettings = {
				DYLIB_COMPATIBILITY_VERSION = 1;
				DYLIB_CURRENT_VERSION = 1;
				FRAMEWORK_VERSION = A;
				INFOPLIST_FILE = MTLManagedObjectAdapter/Info.plist;
				WRAPPER_EXTENSION = framework;
			};
			name = Profile;
		};
		5470B5A41985155E00E4D941 /* Profile */ = {
			isa = XCBuildConfiguration;
			baseConfigurationReference = 5470B596198514F700E4D941 /* Mac-Application.xcconfig */;
			buildSettings = {
				BUNDLE_LOADER = "$(BUILT_PRODUCTS_DIR)/MTLManagedObjectAdapter.framework/Versions/A/MTLManagedObjectAdapter";
				FRAMEWORK_SEARCH_PATHS = (
					"$(DEVELOPER_FRAMEWORKS_DIR)",
					"$(inherited)",
				);
				INFOPLIST_FILE = MTLManagedObjectAdapterTests/Info.plist;
				OTHER_LDFLAGS = (
					"$(inherited)",
					"-framework",
					XCTest,
					"-ObjC",
				);
				PRODUCT_NAME = "$(TARGET_NAME)";
				WRAPPER_EXTENSION = xctest;
			};
			name = Profile;
		};
		D0EB70481AB744E400BBB455 /* Debug */ = {
			isa = XCBuildConfiguration;
			baseConfigurationReference = D0EB70511AB7450800BBB455 /* iOS-Framework.xcconfig */;
			buildSettings = {
				"CODE_SIGN_IDENTITY[sdk=iphoneos*]" = "iPhone Developer";
				CURRENT_PROJECT_VERSION = 1;
				DYLIB_COMPATIBILITY_VERSION = 1;
				DYLIB_CURRENT_VERSION = 1;
				INFOPLIST_FILE = MTLManagedObjectAdapter/Info.plist;
				VERSIONING_SYSTEM = "apple-generic";
				VERSION_INFO_PREFIX = "";
			};
			name = Debug;
		};
		D0EB70491AB744E400BBB455 /* Test */ = {
			isa = XCBuildConfiguration;
			baseConfigurationReference = D0EB70511AB7450800BBB455 /* iOS-Framework.xcconfig */;
			buildSettings = {
				"CODE_SIGN_IDENTITY[sdk=iphoneos*]" = "iPhone Developer";
				CURRENT_PROJECT_VERSION = 1;
				DYLIB_COMPATIBILITY_VERSION = 1;
				DYLIB_CURRENT_VERSION = 1;
				INFOPLIST_FILE = MTLManagedObjectAdapter/Info.plist;
				VERSIONING_SYSTEM = "apple-generic";
				VERSION_INFO_PREFIX = "";
			};
			name = Test;
		};
		D0EB704A1AB744E400BBB455 /* Release */ = {
			isa = XCBuildConfiguration;
			baseConfigurationReference = D0EB70511AB7450800BBB455 /* iOS-Framework.xcconfig */;
			buildSettings = {
				"CODE_SIGN_IDENTITY[sdk=iphoneos*]" = "iPhone Developer";
				CURRENT_PROJECT_VERSION = 1;
				DYLIB_COMPATIBILITY_VERSION = 1;
				DYLIB_CURRENT_VERSION = 1;
				INFOPLIST_FILE = MTLManagedObjectAdapter/Info.plist;
				VERSIONING_SYSTEM = "apple-generic";
				VERSION_INFO_PREFIX = "";
			};
			name = Release;
		};
		D0EB704B1AB744E400BBB455 /* Profile */ = {
			isa = XCBuildConfiguration;
			baseConfigurationReference = D0EB70511AB7450800BBB455 /* iOS-Framework.xcconfig */;
			buildSettings = {
				"CODE_SIGN_IDENTITY[sdk=iphoneos*]" = "iPhone Developer";
				CURRENT_PROJECT_VERSION = 1;
				DYLIB_COMPATIBILITY_VERSION = 1;
				DYLIB_CURRENT_VERSION = 1;
				INFOPLIST_FILE = MTLManagedObjectAdapter/Info.plist;
				VERSIONING_SYSTEM = "apple-generic";
				VERSION_INFO_PREFIX = "";
			};
			name = Profile;
		};
		D0EB704D1AB744E400BBB455 /* Debug */ = {
			isa = XCBuildConfiguration;
			baseConfigurationReference = 5470B592198514F700E4D941 /* iOS-Application.xcconfig */;
			buildSettings = {
				FRAMEWORK_SEARCH_PATHS = (
					"$(SDKROOT)/Developer/Library/Frameworks",
					"$(inherited)",
				);
				INFOPLIST_FILE = MTLManagedObjectAdapterTests/Info.plist;
				PRODUCT_NAME = "$(TARGET_NAME)";
			};
			name = Debug;
		};
		D0EB704E1AB744E400BBB455 /* Test */ = {
			isa = XCBuildConfiguration;
			baseConfigurationReference = 5470B592198514F700E4D941 /* iOS-Application.xcconfig */;
			buildSettings = {
				FRAMEWORK_SEARCH_PATHS = (
					"$(SDKROOT)/Developer/Library/Frameworks",
					"$(inherited)",
				);
				INFOPLIST_FILE = MTLManagedObjectAdapterTests/Info.plist;
				PRODUCT_NAME = "$(TARGET_NAME)";
			};
			name = Test;
		};
		D0EB704F1AB744E400BBB455 /* Release */ = {
			isa = XCBuildConfiguration;
			baseConfigurationReference = 5470B592198514F700E4D941 /* iOS-Application.xcconfig */;
			buildSettings = {
				FRAMEWORK_SEARCH_PATHS = (
					"$(SDKROOT)/Developer/Library/Frameworks",
					"$(inherited)",
				);
				INFOPLIST_FILE = MTLManagedObjectAdapterTests/Info.plist;
				PRODUCT_NAME = "$(TARGET_NAME)";
			};
			name = Release;
		};
		D0EB70501AB744E400BBB455 /* Profile */ = {
			isa = XCBuildConfiguration;
			baseConfigurationReference = 5470B592198514F700E4D941 /* iOS-Application.xcconfig */;
			buildSettings = {
				FRAMEWORK_SEARCH_PATHS = (
					"$(SDKROOT)/Developer/Library/Frameworks",
					"$(inherited)",
				);
				INFOPLIST_FILE = MTLManagedObjectAdapterTests/Info.plist;
				PRODUCT_NAME = "$(TARGET_NAME)";
			};
			name = Profile;
		};
/* End XCBuildConfiguration section */

/* Begin XCConfigurationList section */
		5470B5011985122200E4D941 /* Build configuration list for PBXProject "MTLManagedObjectAdapter" */ = {
			isa = XCConfigurationList;
			buildConfigurations = (
				5470B52D1985122300E4D941 /* Debug */,
				5470B59C1985153C00E4D941 /* Test */,
				5470B52E1985122300E4D941 /* Release */,
				5470B5A21985155E00E4D941 /* Profile */,
			);
			defaultConfigurationIsVisible = 0;
			defaultConfigurationName = Release;
		};
		5470B52F1985122300E4D941 /* Build configuration list for PBXNativeTarget "MTLManagedObjectAdapter-Mac" */ = {
			isa = XCConfigurationList;
			buildConfigurations = (
				5470B5301985122300E4D941 /* Debug */,
				5470B59D1985153C00E4D941 /* Test */,
				5470B5311985122300E4D941 /* Release */,
				5470B5A31985155E00E4D941 /* Profile */,
			);
			defaultConfigurationIsVisible = 0;
			defaultConfigurationName = Release;
		};
		5470B5321985122300E4D941 /* Build configuration list for PBXNativeTarget "MTLManagedObjectAdapter-MacTests" */ = {
			isa = XCConfigurationList;
			buildConfigurations = (
				5470B5331985122300E4D941 /* Debug */,
				5470B59E1985153C00E4D941 /* Test */,
				5470B5341985122300E4D941 /* Release */,
				5470B5A41985155E00E4D941 /* Profile */,
			);
			defaultConfigurationIsVisible = 0;
			defaultConfigurationName = Release;
		};
		D0EB70471AB744E400BBB455 /* Build configuration list for PBXNativeTarget "MTLManagedObjectAdapter-iOS" */ = {
			isa = XCConfigurationList;
			buildConfigurations = (
				D0EB70481AB744E400BBB455 /* Debug */,
				D0EB70491AB744E400BBB455 /* Test */,
				D0EB704A1AB744E400BBB455 /* Release */,
				D0EB704B1AB744E400BBB455 /* Profile */,
			);
			defaultConfigurationIsVisible = 0;
		};
		D0EB704C1AB744E400BBB455 /* Build configuration list for PBXNativeTarget "MTLManagedObjectAdapter-iOSTests" */ = {
			isa = XCConfigurationList;
			buildConfigurations = (
				D0EB704D1AB744E400BBB455 /* Debug */,
				D0EB704E1AB744E400BBB455 /* Test */,
				D0EB704F1AB744E400BBB455 /* Release */,
				D0EB70501AB744E400BBB455 /* Profile */,
			);
			defaultConfigurationIsVisible = 0;
		};
/* End XCConfigurationList section */

/* Begin XCVersionGroup section */
		5470B5D91985209E00E4D941 /* TestModel.xcdatamodeld */ = {
			isa = XCVersionGroup;
			children = (
				5470B5DA1985209E00E4D941 /* TestModel.xcdatamodel */,
			);
			currentVersion = 5470B5DA1985209E00E4D941 /* TestModel.xcdatamodel */;
			path = TestModel.xcdatamodeld;
			sourceTree = "<group>";
			versionGroupType = wrapper.xcdatamodel;
		};
/* End XCVersionGroup section */
	};
	rootObject = 5470B4FE1985122200E4D941 /* Project object */;
}
